// !$*UTF8*$!
{
	archiveVersion = 1;
	classes = {
	};
	objectVersion = 46;
	objects = {

/* Begin PBXBuildFile section */
		3351D30EDBD94739240DF560 /* NCPComplainForm.m in Sources */ = {isa = PBXBuildFile; fileRef = 3351D9EB28FE951941F15B75 /* NCPComplainForm.m */; };
		3351D806EFE1A18EA4923C36 /* NCPAppDelegate.m in Sources */ = {isa = PBXBuildFile; fileRef = 3351D92160FE6F02EDC2BD6A /* NCPAppDelegate.m */; };
		3351D9D79186C195F70CE9D3 /* NCPNoiseRecorder.m in Sources */ = {isa = PBXBuildFile; fileRef = 3351DAD0DFBEAE3552E93AB7 /* NCPNoiseRecorder.m */; };
		58B126511C2E6A8A0095014F /* CoreLocation.framework in Frameworks */ = {isa = PBXBuildFile; fileRef = 58B126501C2E6A8A0095014F /* CoreLocation.framework */; };
		58B126531C2E6A950095014F /* QuartzCore.framework in Frameworks */ = {isa = PBXBuildFile; fileRef = 58B126521C2E6A950095014F /* QuartzCore.framework */; };
		58B126551C2E6AA10095014F /* OpenGLES.framework in Frameworks */ = {isa = PBXBuildFile; fileRef = 58B126541C2E6AA10095014F /* OpenGLES.framework */; };
		58B126571C2E6AAC0095014F /* SystemConfiguration.framework in Frameworks */ = {isa = PBXBuildFile; fileRef = 58B126561C2E6AAC0095014F /* SystemConfiguration.framework */; };
		58B126591C2E6ABD0095014F /* CoreGraphics.framework in Frameworks */ = {isa = PBXBuildFile; fileRef = 58B126581C2E6ABD0095014F /* CoreGraphics.framework */; };
		58B1265B1C2E6AC90095014F /* Security.framework in Frameworks */ = {isa = PBXBuildFile; fileRef = 58B1265A1C2E6AC90095014F /* Security.framework */; };
		58B1265D1C2E6AE20095014F /* libsqlite3.0.tbd in Frameworks */ = {isa = PBXBuildFile; fileRef = 58B1265C1C2E6AE20095014F /* libsqlite3.0.tbd */; };
		58B1265F1C2E6AF20095014F /* CoreTelephony.framework in Frameworks */ = {isa = PBXBuildFile; fileRef = 58B1265E1C2E6AF20095014F /* CoreTelephony.framework */; };
		58B126611C2E6AFD0095014F /* libstdc++.6.0.9.tbd in Frameworks */ = {isa = PBXBuildFile; fileRef = 58B126601C2E6AFD0095014F /* libstdc++.6.0.9.tbd */; };
		58C28E2D1C4130EE008353E3 /* MapKit.framework in Frameworks */ = {isa = PBXBuildFile; fileRef = 58C28E2C1C4130EE008353E3 /* MapKit.framework */; };
		58C632441C25ADFD00869630 /* Assets.xcassets in Resources */ = {isa = PBXBuildFile; fileRef = 58C632431C25ADFD00869630 /* Assets.xcassets */; };
		CA1C6B091CA65D19004E9E48 /* NCPSQLiteDAO.m in Sources */ = {isa = PBXBuildFile; fileRef = CA1C6B081CA65D19004E9E48 /* NCPSQLiteDAO.m */; };
		CA3E4A281C212DA8005E56EC /* NCPWebParameter.m in Sources */ = {isa = PBXBuildFile; fileRef = CA3E4A271C212DA8005E56EC /* NCPWebParameter.m */; };
		CA4B30E41C0F17050013E70E /* main.mm in Sources */ = {isa = PBXBuildFile; fileRef = CA4B30E31C0F17050013E70E /* main.mm */; };
		CA4B30FD1C0F17050013E70E /* NoiseComplainTests.m in Sources */ = {isa = PBXBuildFile; fileRef = CA4B30FC1C0F17050013E70E /* NoiseComplainTests.m */; };
		CA4B31081C0F17050013E70E /* NoiseComplainUITests.m in Sources */ = {isa = PBXBuildFile; fileRef = CA4B31071C0F17050013E70E /* NoiseComplainUITests.m */; };
		CA4B31301C0F18900013E70E /* NCPComplainFormViewController.m in Sources */ = {isa = PBXBuildFile; fileRef = CA4B31211C0F18900013E70E /* NCPComplainFormViewController.m */; };
		CA4B31311C0F18900013E70E /* NCPComplainGuideViewController.m in Sources */ = {isa = PBXBuildFile; fileRef = CA4B31231C0F18900013E70E /* NCPComplainGuideViewController.m */; };
		CA4B31331C0F18900013E70E /* NCPLocationViewController.m in Sources */ = {isa = PBXBuildFile; fileRef = CA4B31271C0F18900013E70E /* NCPLocationViewController.m */; };
		CA4B31341C0F18900013E70E /* NCPMeterViewController.m in Sources */ = {isa = PBXBuildFile; fileRef = CA4B31291C0F18900013E70E /* NCPMeterViewController.m */; };
		CA4B31791C0F1A220013E70E /* Main.storyboard in Resources */ = {isa = PBXBuildFile; fileRef = CA4B31781C0F1A220013E70E /* Main.storyboard */; };
		CA4B317C1C0F1B2C0013E70E /* NoiseType.plist in Resources */ = {isa = PBXBuildFile; fileRef = CA4B317A1C0F1B2C0013E70E /* NoiseType.plist */; };
		CA4B317D1C0F1B2C0013E70E /* SfaType.plist in Resources */ = {isa = PBXBuildFile; fileRef = CA4B317B1C0F1B2C0013E70E /* SfaType.plist */; };
		CA7809501C9D0BF8003F1DDA /* NCPMapAlertViewController.m in Sources */ = {isa = PBXBuildFile; fileRef = CA78094F1C9D0BF8003F1DDA /* NCPMapAlertViewController.m */; };
		CA83D3B61C9966B2009A72C4 /* NCPMeterView.m in Sources */ = {isa = PBXBuildFile; fileRef = CA83D3B51C9966B2009A72C4 /* NCPMeterView.m */; };
		CA83D3B81C996849009A72C4 /* NCPMeterView.xib in Resources */ = {isa = PBXBuildFile; fileRef = CA83D3B71C996849009A72C4 /* NCPMeterView.xib */; };
		CA83D3BA1C998A9B009A72C4 /* NCPGraphView.xib in Resources */ = {isa = PBXBuildFile; fileRef = CA83D3B91C998A9B009A72C4 /* NCPGraphView.xib */; };
		CA83D3BD1C998AA9009A72C4 /* NCPGraphView.m in Sources */ = {isa = PBXBuildFile; fileRef = CA83D3BC1C998AA9009A72C4 /* NCPGraphView.m */; };
		CAC7E8661CA27B0900802998 /* LaunchScreen.storyboard in Resources */ = {isa = PBXBuildFile; fileRef = CAC7E8651CA27B0900802998 /* LaunchScreen.storyboard */; };
		CAC7E86F1CA27B8E00802998 /* BaiduMapAPI_Base.framework in Frameworks */ = {isa = PBXBuildFile; fileRef = CAC7E8681CA27B8E00802998 /* BaiduMapAPI_Base.framework */; };
		CAC7E8701CA27B8E00802998 /* BaiduMapAPI_Cloud.framework in Frameworks */ = {isa = PBXBuildFile; fileRef = CAC7E8691CA27B8E00802998 /* BaiduMapAPI_Cloud.framework */; };
		CAC7E8711CA27B8E00802998 /* BaiduMapAPI_Location.framework in Frameworks */ = {isa = PBXBuildFile; fileRef = CAC7E86A1CA27B8E00802998 /* BaiduMapAPI_Location.framework */; };
		CAC7E8721CA27B8E00802998 /* BaiduMapAPI_Map.framework in Frameworks */ = {isa = PBXBuildFile; fileRef = CAC7E86B1CA27B8E00802998 /* BaiduMapAPI_Map.framework */; };
		CAC7E8731CA27B8E00802998 /* BaiduMapAPI_Radar.framework in Frameworks */ = {isa = PBXBuildFile; fileRef = CAC7E86C1CA27B8E00802998 /* BaiduMapAPI_Radar.framework */; };
		CAC7E8741CA27B8E00802998 /* BaiduMapAPI_Search.framework in Frameworks */ = {isa = PBXBuildFile; fileRef = CAC7E86D1CA27B8E00802998 /* BaiduMapAPI_Search.framework */; };
		CAC7E8751CA27B8E00802998 /* BaiduMapAPI_Utils.framework in Frameworks */ = {isa = PBXBuildFile; fileRef = CAC7E86E1CA27B8E00802998 /* BaiduMapAPI_Utils.framework */; };
		CAC7E8831CA27B9B00802998 /* AFHTTPSessionManager.m in Sources */ = {isa = PBXBuildFile; fileRef = CAC7E8771CA27B9B00802998 /* AFHTTPSessionManager.m */; };
		CAC7E8841CA27B9B00802998 /* AFNetworkReachabilityManager.m in Sources */ = {isa = PBXBuildFile; fileRef = CAC7E87A1CA27B9B00802998 /* AFNetworkReachabilityManager.m */; };
		CAC7E8851CA27B9B00802998 /* AFSecurityPolicy.m in Sources */ = {isa = PBXBuildFile; fileRef = CAC7E87C1CA27B9B00802998 /* AFSecurityPolicy.m */; };
		CAC7E8861CA27B9B00802998 /* AFURLRequestSerialization.m in Sources */ = {isa = PBXBuildFile; fileRef = CAC7E87E1CA27B9B00802998 /* AFURLRequestSerialization.m */; };
		CAC7E8871CA27B9B00802998 /* AFURLResponseSerialization.m in Sources */ = {isa = PBXBuildFile; fileRef = CAC7E8801CA27B9B00802998 /* AFURLResponseSerialization.m */; };
		CAC7E8881CA27B9B00802998 /* AFURLSessionManager.m in Sources */ = {isa = PBXBuildFile; fileRef = CAC7E8821CA27B9B00802998 /* AFURLSessionManager.m */; };
		CAC7E88B1CA27BA800802998 /* GTLBase64.m in Sources */ = {isa = PBXBuildFile; fileRef = CAC7E88A1CA27BA800802998 /* GTLBase64.m */; };
		CAC7E88D1CA27BFD00802998 /* mapapi.bundle in Resources */ = {isa = PBXBuildFile; fileRef = CAC7E88C1CA27BFD00802998 /* mapapi.bundle */; };
		CAC7E89C1CA5347200802998 /* FMDatabase.m in Sources */ = {isa = PBXBuildFile; fileRef = CAC7E8921CA5347200802998 /* FMDatabase.m */; };
		CAC7E89D1CA5347200802998 /* FMDatabaseAdditions.m in Sources */ = {isa = PBXBuildFile; fileRef = CAC7E8941CA5347200802998 /* FMDatabaseAdditions.m */; };
		CAC7E89E1CA5347200802998 /* FMDatabasePool.m in Sources */ = {isa = PBXBuildFile; fileRef = CAC7E8961CA5347200802998 /* FMDatabasePool.m */; };
		CAC7E89F1CA5347200802998 /* FMDatabaseQueue.m in Sources */ = {isa = PBXBuildFile; fileRef = CAC7E8981CA5347200802998 /* FMDatabaseQueue.m */; };
		CAC7E8A01CA5347200802998 /* FMResultSet.m in Sources */ = {isa = PBXBuildFile; fileRef = CAC7E89B1CA5347200802998 /* FMResultSet.m */; };
		CAC7E8A51CA5396700802998 /* NCPGeneral.m in Sources */ = {isa = PBXBuildFile; fileRef = CAC7E8A41CA5396700802998 /* NCPGeneral.m */; };
		CAE671091C1AADF3003D8271 /* NCPWebRequest.m in Sources */ = {isa = PBXBuildFile; fileRef = CAE671081C1AADF3003D8271 /* NCPWebRequest.m */; };
/* End PBXBuildFile section */

/* Begin PBXContainerItemProxy section */
		CA4B30F91C0F17050013E70E /* PBXContainerItemProxy */ = {
			isa = PBXContainerItemProxy;
			containerPortal = CA4B30D71C0F17050013E70E /* Project object */;
			proxyType = 1;
			remoteGlobalIDString = CA4B30DE1C0F17050013E70E;
			remoteInfo = NoiseComplain;
		};
		CA4B31041C0F17050013E70E /* PBXContainerItemProxy */ = {
			isa = PBXContainerItemProxy;
			containerPortal = CA4B30D71C0F17050013E70E /* Project object */;
			proxyType = 1;
			remoteGlobalIDString = CA4B30DE1C0F17050013E70E;
			remoteInfo = NoiseComplain;
		};
/* End PBXContainerItemProxy section */

/* Begin PBXFileReference section */
		3351D60473D559CD152362EB /* NCPAppDelegate.h */ = {isa = PBXFileReference; fileEncoding = 4; lastKnownFileType = sourcecode.c.h; path = NCPAppDelegate.h; sourceTree = "<group>"; };
		3351D92160FE6F02EDC2BD6A /* NCPAppDelegate.m */ = {isa = PBXFileReference; fileEncoding = 4; lastKnownFileType = sourcecode.c.objc; path = NCPAppDelegate.m; sourceTree = "<group>"; };
		3351D93E196B69C3D73B13CC /* NCPNoiseRecorder.h */ = {isa = PBXFileReference; fileEncoding = 4; lastKnownFileType = sourcecode.c.h; path = NCPNoiseRecorder.h; sourceTree = "<group>"; };
		3351D9EB28FE951941F15B75 /* NCPComplainForm.m */ = {isa = PBXFileReference; fileEncoding = 4; lastKnownFileType = sourcecode.c.objc; path = NCPComplainForm.m; sourceTree = "<group>"; };
		3351DAD0DFBEAE3552E93AB7 /* NCPNoiseRecorder.m */ = {isa = PBXFileReference; fileEncoding = 4; lastKnownFileType = sourcecode.c.objc; path = NCPNoiseRecorder.m; sourceTree = "<group>"; };
		3351DB56E6534CC00ED74789 /* NCPComplainForm.h */ = {isa = PBXFileReference; fileEncoding = 4; lastKnownFileType = sourcecode.c.h; path = NCPComplainForm.h; sourceTree = "<group>"; };
		58B126501C2E6A8A0095014F /* CoreLocation.framework */ = {isa = PBXFileReference; lastKnownFileType = wrapper.framework; name = CoreLocation.framework; path = System/Library/Frameworks/CoreLocation.framework; sourceTree = SDKROOT; };
		58B126521C2E6A950095014F /* QuartzCore.framework */ = {isa = PBXFileReference; lastKnownFileType = wrapper.framework; name = QuartzCore.framework; path = System/Library/Frameworks/QuartzCore.framework; sourceTree = SDKROOT; };
		58B126541C2E6AA10095014F /* OpenGLES.framework */ = {isa = PBXFileReference; lastKnownFileType = wrapper.framework; name = OpenGLES.framework; path = System/Library/Frameworks/OpenGLES.framework; sourceTree = SDKROOT; };
		58B126561C2E6AAC0095014F /* SystemConfiguration.framework */ = {isa = PBXFileReference; lastKnownFileType = wrapper.framework; name = SystemConfiguration.framework; path = System/Library/Frameworks/SystemConfiguration.framework; sourceTree = SDKROOT; };
		58B126581C2E6ABD0095014F /* CoreGraphics.framework */ = {isa = PBXFileReference; lastKnownFileType = wrapper.framework; name = CoreGraphics.framework; path = System/Library/Frameworks/CoreGraphics.framework; sourceTree = SDKROOT; };
		58B1265A1C2E6AC90095014F /* Security.framework */ = {isa = PBXFileReference; lastKnownFileType = wrapper.framework; name = Security.framework; path = System/Library/Frameworks/Security.framework; sourceTree = SDKROOT; };
		58B1265C1C2E6AE20095014F /* libsqlite3.0.tbd */ = {isa = PBXFileReference; lastKnownFileType = "sourcecode.text-based-dylib-definition"; name = libsqlite3.0.tbd; path = usr/lib/libsqlite3.0.tbd; sourceTree = SDKROOT; };
		58B1265E1C2E6AF20095014F /* CoreTelephony.framework */ = {isa = PBXFileReference; lastKnownFileType = wrapper.framework; name = CoreTelephony.framework; path = System/Library/Frameworks/CoreTelephony.framework; sourceTree = SDKROOT; };
		58B126601C2E6AFD0095014F /* libstdc++.6.0.9.tbd */ = {isa = PBXFileReference; lastKnownFileType = "sourcecode.text-based-dylib-definition"; name = "libstdc++.6.0.9.tbd"; path = "usr/lib/libstdc++.6.0.9.tbd"; sourceTree = SDKROOT; };
		58C28E2C1C4130EE008353E3 /* MapKit.framework */ = {isa = PBXFileReference; lastKnownFileType = wrapper.framework; name = MapKit.framework; path = System/Library/Frameworks/MapKit.framework; sourceTree = SDKROOT; };
		58C632431C25ADFD00869630 /* Assets.xcassets */ = {isa = PBXFileReference; lastKnownFileType = folder.assetcatalog; path = Assets.xcassets; sourceTree = "<group>"; };
		CA1C6B071CA65D19004E9E48 /* NCPSQLiteDAO.h */ = {isa = PBXFileReference; fileEncoding = 4; lastKnownFileType = sourcecode.c.h; path = NCPSQLiteDAO.h; sourceTree = "<group>"; };
		CA1C6B081CA65D19004E9E48 /* NCPSQLiteDAO.m */ = {isa = PBXFileReference; fileEncoding = 4; lastKnownFileType = sourcecode.c.objc; path = NCPSQLiteDAO.m; sourceTree = "<group>"; };
		CA3690B21CA197A40015FF2C /* NCPPrefixHeader.pch */ = {isa = PBXFileReference; lastKnownFileType = sourcecode.c.h; path = NCPPrefixHeader.pch; sourceTree = "<group>"; };
		CA3E4A261C212DA8005E56EC /* NCPWebParameter.h */ = {isa = PBXFileReference; fileEncoding = 4; lastKnownFileType = sourcecode.c.h; path = NCPWebParameter.h; sourceTree = "<group>"; };
		CA3E4A271C212DA8005E56EC /* NCPWebParameter.m */ = {isa = PBXFileReference; fileEncoding = 4; lastKnownFileType = sourcecode.c.objc; path = NCPWebParameter.m; sourceTree = "<group>"; };
		CA4B30DF1C0F17050013E70E /* NoiseComplain.app */ = {isa = PBXFileReference; explicitFileType = wrapper.application; includeInIndex = 0; path = NoiseComplain.app; sourceTree = BUILT_PRODUCTS_DIR; };
		CA4B30E31C0F17050013E70E /* main.mm */ = {isa = PBXFileReference; lastKnownFileType = sourcecode.cpp.objcpp; path = main.mm; sourceTree = "<group>"; };
		CA4B30F31C0F17050013E70E /* Info.plist */ = {isa = PBXFileReference; lastKnownFileType = text.plist.xml; path = Info.plist; sourceTree = "<group>"; };
		CA4B30F81C0F17050013E70E /* NoiseComplainTests.xctest */ = {isa = PBXFileReference; explicitFileType = wrapper.cfbundle; includeInIndex = 0; path = NoiseComplainTests.xctest; sourceTree = BUILT_PRODUCTS_DIR; };
		CA4B30FC1C0F17050013E70E /* NoiseComplainTests.m */ = {isa = PBXFileReference; lastKnownFileType = sourcecode.c.objc; path = NoiseComplainTests.m; sourceTree = "<group>"; };
		CA4B30FE1C0F17050013E70E /* Info.plist */ = {isa = PBXFileReference; lastKnownFileType = text.plist.xml; path = Info.plist; sourceTree = "<group>"; };
		CA4B31031C0F17050013E70E /* NoiseComplainUITests.xctest */ = {isa = PBXFileReference; explicitFileType = wrapper.cfbundle; includeInIndex = 0; path = NoiseComplainUITests.xctest; sourceTree = BUILT_PRODUCTS_DIR; };
		CA4B31071C0F17050013E70E /* NoiseComplainUITests.m */ = {isa = PBXFileReference; lastKnownFileType = sourcecode.c.objc; path = NoiseComplainUITests.m; sourceTree = "<group>"; };
		CA4B31091C0F17050013E70E /* Info.plist */ = {isa = PBXFileReference; lastKnownFileType = text.plist.xml; path = Info.plist; sourceTree = "<group>"; };
		CA4B31201C0F18900013E70E /* NCPComplainFormViewController.h */ = {isa = PBXFileReference; fileEncoding = 4; lastKnownFileType = sourcecode.c.h; path = NCPComplainFormViewController.h; sourceTree = "<group>"; };
		CA4B31211C0F18900013E70E /* NCPComplainFormViewController.m */ = {isa = PBXFileReference; fileEncoding = 4; lastKnownFileType = sourcecode.c.objc; path = NCPComplainFormViewController.m; sourceTree = "<group>"; };
		CA4B31221C0F18900013E70E /* NCPComplainGuideViewController.h */ = {isa = PBXFileReference; fileEncoding = 4; lastKnownFileType = sourcecode.c.h; path = NCPComplainGuideViewController.h; sourceTree = "<group>"; };
		CA4B31231C0F18900013E70E /* NCPComplainGuideViewController.m */ = {isa = PBXFileReference; fileEncoding = 4; lastKnownFileType = sourcecode.c.objc; path = NCPComplainGuideViewController.m; sourceTree = "<group>"; };
		CA4B31261C0F18900013E70E /* NCPLocationViewController.h */ = {isa = PBXFileReference; fileEncoding = 4; lastKnownFileType = sourcecode.c.h; path = NCPLocationViewController.h; sourceTree = "<group>"; };
		CA4B31271C0F18900013E70E /* NCPLocationViewController.m */ = {isa = PBXFileReference; fileEncoding = 4; lastKnownFileType = sourcecode.c.objc; path = NCPLocationViewController.m; sourceTree = "<group>"; };
		CA4B31281C0F18900013E70E /* NCPMeterViewController.h */ = {isa = PBXFileReference; fileEncoding = 4; lastKnownFileType = sourcecode.c.h; path = NCPMeterViewController.h; sourceTree = "<group>"; };
		CA4B31291C0F18900013E70E /* NCPMeterViewController.m */ = {isa = PBXFileReference; fileEncoding = 4; lastKnownFileType = sourcecode.c.objc; path = NCPMeterViewController.m; sourceTree = "<group>"; };
		CA4B31781C0F1A220013E70E /* Main.storyboard */ = {isa = PBXFileReference; fileEncoding = 4; lastKnownFileType = file.storyboard; path = Main.storyboard; sourceTree = "<group>"; };
		CA4B317A1C0F1B2C0013E70E /* NoiseType.plist */ = {isa = PBXFileReference; fileEncoding = 4; lastKnownFileType = text.plist.xml; path = NoiseType.plist; sourceTree = "<group>"; };
		CA4B317B1C0F1B2C0013E70E /* SfaType.plist */ = {isa = PBXFileReference; fileEncoding = 4; lastKnownFileType = text.plist; path = SfaType.plist; sourceTree = "<group>"; };
		CA540B991C27EEFA00F8E860 /* Sample.md */ = {isa = PBXFileReference; fileEncoding = 4; lastKnownFileType = net.daringfireball.markdown; path = Sample.md; sourceTree = "<group>"; };
		CA78094E1C9D0BF8003F1DDA /* NCPMapAlertViewController.h */ = {isa = PBXFileReference; fileEncoding = 4; lastKnownFileType = sourcecode.c.h; path = NCPMapAlertViewController.h; sourceTree = "<group>"; };
		CA78094F1C9D0BF8003F1DDA /* NCPMapAlertViewController.m */ = {isa = PBXFileReference; fileEncoding = 4; lastKnownFileType = sourcecode.c.objc; path = NCPMapAlertViewController.m; sourceTree = "<group>"; };
		CA83D3B41C9966B2009A72C4 /* NCPMeterView.h */ = {isa = PBXFileReference; fileEncoding = 4; lastKnownFileType = sourcecode.c.h; path = NCPMeterView.h; sourceTree = "<group>"; };
		CA83D3B51C9966B2009A72C4 /* NCPMeterView.m */ = {isa = PBXFileReference; fileEncoding = 4; lastKnownFileType = sourcecode.c.objc; path = NCPMeterView.m; sourceTree = "<group>"; };
		CA83D3B71C996849009A72C4 /* NCPMeterView.xib */ = {isa = PBXFileReference; fileEncoding = 4; lastKnownFileType = file.xib; path = NCPMeterView.xib; sourceTree = "<group>"; };
		CA83D3B91C998A9B009A72C4 /* NCPGraphView.xib */ = {isa = PBXFileReference; fileEncoding = 4; lastKnownFileType = file.xib; path = NCPGraphView.xib; sourceTree = "<group>"; };
		CA83D3BB1C998AA9009A72C4 /* NCPGraphView.h */ = {isa = PBXFileReference; fileEncoding = 4; lastKnownFileType = sourcecode.c.h; path = NCPGraphView.h; sourceTree = "<group>"; };
		CA83D3BC1C998AA9009A72C4 /* NCPGraphView.m */ = {isa = PBXFileReference; fileEncoding = 4; lastKnownFileType = sourcecode.c.objc; path = NCPGraphView.m; sourceTree = "<group>"; };
		CAC7E8651CA27B0900802998 /* LaunchScreen.storyboard */ = {isa = PBXFileReference; fileEncoding = 4; lastKnownFileType = file.storyboard; path = LaunchScreen.storyboard; sourceTree = "<group>"; };
		CAC7E8681CA27B8E00802998 /* BaiduMapAPI_Base.framework */ = {isa = PBXFileReference; lastKnownFileType = wrapper.framework; name = BaiduMapAPI_Base.framework; path = NoiseComplain/Libarary/BaiduMap/BaiduMapAPI_Base.framework; sourceTree = "<group>"; };
		CAC7E8691CA27B8E00802998 /* BaiduMapAPI_Cloud.framework */ = {isa = PBXFileReference; lastKnownFileType = wrapper.framework; name = BaiduMapAPI_Cloud.framework; path = NoiseComplain/Libarary/BaiduMap/BaiduMapAPI_Cloud.framework; sourceTree = "<group>"; };
		CAC7E86A1CA27B8E00802998 /* BaiduMapAPI_Location.framework */ = {isa = PBXFileReference; lastKnownFileType = wrapper.framework; name = BaiduMapAPI_Location.framework; path = NoiseComplain/Libarary/BaiduMap/BaiduMapAPI_Location.framework; sourceTree = "<group>"; };
		CAC7E86B1CA27B8E00802998 /* BaiduMapAPI_Map.framework */ = {isa = PBXFileReference; lastKnownFileType = wrapper.framework; name = BaiduMapAPI_Map.framework; path = NoiseComplain/Libarary/BaiduMap/BaiduMapAPI_Map.framework; sourceTree = "<group>"; };
		CAC7E86C1CA27B8E00802998 /* BaiduMapAPI_Radar.framework */ = {isa = PBXFileReference; lastKnownFileType = wrapper.framework; name = BaiduMapAPI_Radar.framework; path = NoiseComplain/Libarary/BaiduMap/BaiduMapAPI_Radar.framework; sourceTree = "<group>"; };
		CAC7E86D1CA27B8E00802998 /* BaiduMapAPI_Search.framework */ = {isa = PBXFileReference; lastKnownFileType = wrapper.framework; name = BaiduMapAPI_Search.framework; path = NoiseComplain/Libarary/BaiduMap/BaiduMapAPI_Search.framework; sourceTree = "<group>"; };
		CAC7E86E1CA27B8E00802998 /* BaiduMapAPI_Utils.framework */ = {isa = PBXFileReference; lastKnownFileType = wrapper.framework; name = BaiduMapAPI_Utils.framework; path = NoiseComplain/Libarary/BaiduMap/BaiduMapAPI_Utils.framework; sourceTree = "<group>"; };
		CAC7E8761CA27B9B00802998 /* AFHTTPSessionManager.h */ = {isa = PBXFileReference; fileEncoding = 4; lastKnownFileType = sourcecode.c.h; name = AFHTTPSessionManager.h; path = NoiseComplain/Libarary/AFNetworking/AFHTTPSessionManager.h; sourceTree = "<group>"; };
		CAC7E8771CA27B9B00802998 /* AFHTTPSessionManager.m */ = {isa = PBXFileReference; fileEncoding = 4; lastKnownFileType = sourcecode.c.objc; name = AFHTTPSessionManager.m; path = NoiseComplain/Libarary/AFNetworking/AFHTTPSessionManager.m; sourceTree = "<group>"; };
		CAC7E8781CA27B9B00802998 /* AFNetworking.h */ = {isa = PBXFileReference; fileEncoding = 4; lastKnownFileType = sourcecode.c.h; name = AFNetworking.h; path = NoiseComplain/Libarary/AFNetworking/AFNetworking.h; sourceTree = "<group>"; };
		CAC7E8791CA27B9B00802998 /* AFNetworkReachabilityManager.h */ = {isa = PBXFileReference; fileEncoding = 4; lastKnownFileType = sourcecode.c.h; name = AFNetworkReachabilityManager.h; path = NoiseComplain/Libarary/AFNetworking/AFNetworkReachabilityManager.h; sourceTree = "<group>"; };
		CAC7E87A1CA27B9B00802998 /* AFNetworkReachabilityManager.m */ = {isa = PBXFileReference; fileEncoding = 4; lastKnownFileType = sourcecode.c.objc; name = AFNetworkReachabilityManager.m; path = NoiseComplain/Libarary/AFNetworking/AFNetworkReachabilityManager.m; sourceTree = "<group>"; };
		CAC7E87B1CA27B9B00802998 /* AFSecurityPolicy.h */ = {isa = PBXFileReference; fileEncoding = 4; lastKnownFileType = sourcecode.c.h; name = AFSecurityPolicy.h; path = NoiseComplain/Libarary/AFNetworking/AFSecurityPolicy.h; sourceTree = "<group>"; };
		CAC7E87C1CA27B9B00802998 /* AFSecurityPolicy.m */ = {isa = PBXFileReference; fileEncoding = 4; lastKnownFileType = sourcecode.c.objc; name = AFSecurityPolicy.m; path = NoiseComplain/Libarary/AFNetworking/AFSecurityPolicy.m; sourceTree = "<group>"; };
		CAC7E87D1CA27B9B00802998 /* AFURLRequestSerialization.h */ = {isa = PBXFileReference; fileEncoding = 4; lastKnownFileType = sourcecode.c.h; name = AFURLRequestSerialization.h; path = NoiseComplain/Libarary/AFNetworking/AFURLRequestSerialization.h; sourceTree = "<group>"; };
		CAC7E87E1CA27B9B00802998 /* AFURLRequestSerialization.m */ = {isa = PBXFileReference; fileEncoding = 4; lastKnownFileType = sourcecode.c.objc; name = AFURLRequestSerialization.m; path = NoiseComplain/Libarary/AFNetworking/AFURLRequestSerialization.m; sourceTree = "<group>"; };
		CAC7E87F1CA27B9B00802998 /* AFURLResponseSerialization.h */ = {isa = PBXFileReference; fileEncoding = 4; lastKnownFileType = sourcecode.c.h; name = AFURLResponseSerialization.h; path = NoiseComplain/Libarary/AFNetworking/AFURLResponseSerialization.h; sourceTree = "<group>"; };
		CAC7E8801CA27B9B00802998 /* AFURLResponseSerialization.m */ = {isa = PBXFileReference; fileEncoding = 4; lastKnownFileType = sourcecode.c.objc; name = AFURLResponseSerialization.m; path = NoiseComplain/Libarary/AFNetworking/AFURLResponseSerialization.m; sourceTree = "<group>"; };
		CAC7E8811CA27B9B00802998 /* AFURLSessionManager.h */ = {isa = PBXFileReference; fileEncoding = 4; lastKnownFileType = sourcecode.c.h; name = AFURLSessionManager.h; path = NoiseComplain/Libarary/AFNetworking/AFURLSessionManager.h; sourceTree = "<group>"; };
		CAC7E8821CA27B9B00802998 /* AFURLSessionManager.m */ = {isa = PBXFileReference; fileEncoding = 4; lastKnownFileType = sourcecode.c.objc; name = AFURLSessionManager.m; path = NoiseComplain/Libarary/AFNetworking/AFURLSessionManager.m; sourceTree = "<group>"; };
		CAC7E8891CA27BA800802998 /* GTLBase64.h */ = {isa = PBXFileReference; fileEncoding = 4; lastKnownFileType = sourcecode.c.h; name = GTLBase64.h; path = Libarary/GTLBase64/GTLBase64.h; sourceTree = "<group>"; };
		CAC7E88A1CA27BA800802998 /* GTLBase64.m */ = {isa = PBXFileReference; fileEncoding = 4; lastKnownFileType = sourcecode.c.objc; name = GTLBase64.m; path = Libarary/GTLBase64/GTLBase64.m; sourceTree = "<group>"; };
		CAC7E88C1CA27BFD00802998 /* mapapi.bundle */ = {isa = PBXFileReference; lastKnownFileType = "wrapper.plug-in"; name = mapapi.bundle; path = Libarary/BaiduMap/BaiduMapAPI_Map.framework/Resources/mapapi.bundle; sourceTree = "<group>"; };
		CAC7E8911CA5347200802998 /* FMDatabase.h */ = {isa = PBXFileReference; fileEncoding = 4; lastKnownFileType = sourcecode.c.h; name = FMDatabase.h; path = NoiseComplain/Libarary/FMDB/FMDatabase.h; sourceTree = "<group>"; };
		CAC7E8921CA5347200802998 /* FMDatabase.m */ = {isa = PBXFileReference; fileEncoding = 4; lastKnownFileType = sourcecode.c.objc; name = FMDatabase.m; path = NoiseComplain/Libarary/FMDB/FMDatabase.m; sourceTree = "<group>"; };
		CAC7E8931CA5347200802998 /* FMDatabaseAdditions.h */ = {isa = PBXFileReference; fileEncoding = 4; lastKnownFileType = sourcecode.c.h; name = FMDatabaseAdditions.h; path = NoiseComplain/Libarary/FMDB/FMDatabaseAdditions.h; sourceTree = "<group>"; };
		CAC7E8941CA5347200802998 /* FMDatabaseAdditions.m */ = {isa = PBXFileReference; fileEncoding = 4; lastKnownFileType = sourcecode.c.objc; name = FMDatabaseAdditions.m; path = NoiseComplain/Libarary/FMDB/FMDatabaseAdditions.m; sourceTree = "<group>"; };
		CAC7E8951CA5347200802998 /* FMDatabasePool.h */ = {isa = PBXFileReference; fileEncoding = 4; lastKnownFileType = sourcecode.c.h; name = FMDatabasePool.h; path = NoiseComplain/Libarary/FMDB/FMDatabasePool.h; sourceTree = "<group>"; };
		CAC7E8961CA5347200802998 /* FMDatabasePool.m */ = {isa = PBXFileReference; fileEncoding = 4; lastKnownFileType = sourcecode.c.objc; name = FMDatabasePool.m; path = NoiseComplain/Libarary/FMDB/FMDatabasePool.m; sourceTree = "<group>"; };
		CAC7E8971CA5347200802998 /* FMDatabaseQueue.h */ = {isa = PBXFileReference; fileEncoding = 4; lastKnownFileType = sourcecode.c.h; name = FMDatabaseQueue.h; path = NoiseComplain/Libarary/FMDB/FMDatabaseQueue.h; sourceTree = "<group>"; };
		CAC7E8981CA5347200802998 /* FMDatabaseQueue.m */ = {isa = PBXFileReference; fileEncoding = 4; lastKnownFileType = sourcecode.c.objc; name = FMDatabaseQueue.m; path = NoiseComplain/Libarary/FMDB/FMDatabaseQueue.m; sourceTree = "<group>"; };
		CAC7E8991CA5347200802998 /* FMDB.h */ = {isa = PBXFileReference; fileEncoding = 4; lastKnownFileType = sourcecode.c.h; name = FMDB.h; path = NoiseComplain/Libarary/FMDB/FMDB.h; sourceTree = "<group>"; };
		CAC7E89A1CA5347200802998 /* FMResultSet.h */ = {isa = PBXFileReference; fileEncoding = 4; lastKnownFileType = sourcecode.c.h; name = FMResultSet.h; path = NoiseComplain/Libarary/FMDB/FMResultSet.h; sourceTree = "<group>"; };
		CAC7E89B1CA5347200802998 /* FMResultSet.m */ = {isa = PBXFileReference; fileEncoding = 4; lastKnownFileType = sourcecode.c.objc; name = FMResultSet.m; path = NoiseComplain/Libarary/FMDB/FMResultSet.m; sourceTree = "<group>"; };
		CAC7E8A31CA5396700802998 /* NCPGeneral.h */ = {isa = PBXFileReference; fileEncoding = 4; lastKnownFileType = sourcecode.c.h; path = NCPGeneral.h; sourceTree = "<group>"; };
		CAC7E8A41CA5396700802998 /* NCPGeneral.m */ = {isa = PBXFileReference; fileEncoding = 4; lastKnownFileType = sourcecode.c.objc; path = NCPGeneral.m; sourceTree = "<group>"; };
		CAE671071C1AADF3003D8271 /* NCPWebRequest.h */ = {isa = PBXFileReference; fileEncoding = 4; lastKnownFileType = sourcecode.c.h; path = NCPWebRequest.h; sourceTree = "<group>"; };
		CAE671081C1AADF3003D8271 /* NCPWebRequest.m */ = {isa = PBXFileReference; fileEncoding = 4; lastKnownFileType = sourcecode.c.objc; path = NCPWebRequest.m; sourceTree = "<group>"; };
/* End PBXFileReference section */

/* Begin PBXFrameworksBuildPhase section */
		CA4B30DC1C0F17050013E70E /* Frameworks */ = {
			isa = PBXFrameworksBuildPhase;
			buildActionMask = 2147483647;
			files = (
				58C28E2D1C4130EE008353E3 /* MapKit.framework in Frameworks */,
				CAC7E8721CA27B8E00802998 /* BaiduMapAPI_Map.framework in Frameworks */,
				CAC7E8751CA27B8E00802998 /* BaiduMapAPI_Utils.framework in Frameworks */,
				58B126611C2E6AFD0095014F /* libstdc++.6.0.9.tbd in Frameworks */,
				CAC7E8701CA27B8E00802998 /* BaiduMapAPI_Cloud.framework in Frameworks */,
				CAC7E8711CA27B8E00802998 /* BaiduMapAPI_Location.framework in Frameworks */,
				58B1265F1C2E6AF20095014F /* CoreTelephony.framework in Frameworks */,
				58B1265D1C2E6AE20095014F /* libsqlite3.0.tbd in Frameworks */,
				CAC7E8731CA27B8E00802998 /* BaiduMapAPI_Radar.framework in Frameworks */,
				58B1265B1C2E6AC90095014F /* Security.framework in Frameworks */,
				58B126591C2E6ABD0095014F /* CoreGraphics.framework in Frameworks */,
				CAC7E8741CA27B8E00802998 /* BaiduMapAPI_Search.framework in Frameworks */,
				CAC7E86F1CA27B8E00802998 /* BaiduMapAPI_Base.framework in Frameworks */,
				58B126571C2E6AAC0095014F /* SystemConfiguration.framework in Frameworks */,
				58B126551C2E6AA10095014F /* OpenGLES.framework in Frameworks */,
				58B126531C2E6A950095014F /* QuartzCore.framework in Frameworks */,
				58B126511C2E6A8A0095014F /* CoreLocation.framework in Frameworks */,
			);
			runOnlyForDeploymentPostprocessing = 0;
		};
		CA4B30F51C0F17050013E70E /* Frameworks */ = {
			isa = PBXFrameworksBuildPhase;
			buildActionMask = 2147483647;
			files = (
			);
			runOnlyForDeploymentPostprocessing = 0;
		};
		CA4B31001C0F17050013E70E /* Frameworks */ = {
			isa = PBXFrameworksBuildPhase;
			buildActionMask = 2147483647;
			files = (
			);
			runOnlyForDeploymentPostprocessing = 0;
		};
/* End PBXFrameworksBuildPhase section */

/* Begin PBXGroup section */
		3351D446C66C33709F5AA568 /* ComplainForm */ = {
			isa = PBXGroup;
			children = (
				3351D9EB28FE951941F15B75 /* NCPComplainForm.m */,
				3351DB56E6534CC00ED74789 /* NCPComplainForm.h */,
			);
			name = ComplainForm;
			sourceTree = "<group>";
		};
		3351D5271CEF64093648D1D0 /* NoiseRecorder */ = {
			isa = PBXGroup;
			children = (
				3351D93E196B69C3D73B13CC /* NCPNoiseRecorder.h */,
				3351DAD0DFBEAE3552E93AB7 /* NCPNoiseRecorder.m */,
			);
			name = NoiseRecorder;
			sourceTree = "<group>";
		};
		3351DA6B30A586142DEA3E0C /* AppDelegate */ = {
			isa = PBXGroup;
			children = (
				3351D60473D559CD152362EB /* NCPAppDelegate.h */,
				3351D92160FE6F02EDC2BD6A /* NCPAppDelegate.m */,
			);
			name = AppDelegate;
			sourceTree = "<group>";
		};
		3351DBDDB0B9552ACE01DEAD /* BaiduMap */ = {
			isa = PBXGroup;
			children = (
				CAC7E8681CA27B8E00802998 /* BaiduMapAPI_Base.framework */,
				CAC7E8691CA27B8E00802998 /* BaiduMapAPI_Cloud.framework */,
				CAC7E86A1CA27B8E00802998 /* BaiduMapAPI_Location.framework */,
				CAC7E86B1CA27B8E00802998 /* BaiduMapAPI_Map.framework */,
				CAC7E86C1CA27B8E00802998 /* BaiduMapAPI_Radar.framework */,
				CAC7E86D1CA27B8E00802998 /* BaiduMapAPI_Search.framework */,
				CAC7E86E1CA27B8E00802998 /* BaiduMapAPI_Utils.framework */,
			);
			name = BaiduMap;
			sourceTree = "<group>";
		};
		58B126641C2E6B550095014F /* Libarary */ = {
			isa = PBXGroup;
			children = (
				CAC7E8901CA5346100802998 /* FMDB */,
				CAC7E8671CA27B2700802998 /* Frameworks */,
				CA73B7301CA2750E00060C02 /* AFNetworking */,
				3351DBDDB0B9552ACE01DEAD /* BaiduMap */,
				CAA0CB7B1C23F8C90055DE89 /* GTLBase64 */,
			);
			name = Libarary;
			sourceTree = "<group>";
		};
		CA1BBE2E1C8E811800C2FAE3 /* Meter */ = {
			isa = PBXGroup;
			children = (
				CA4B31281C0F18900013E70E /* NCPMeterViewController.h */,
				CA4B31291C0F18900013E70E /* NCPMeterViewController.m */,
				CA83D3B41C9966B2009A72C4 /* NCPMeterView.h */,
				CA83D3B51C9966B2009A72C4 /* NCPMeterView.m */,
				CA83D3B71C996849009A72C4 /* NCPMeterView.xib */,
				CA83D3BB1C998AA9009A72C4 /* NCPGraphView.h */,
				CA83D3BC1C998AA9009A72C4 /* NCPGraphView.m */,
				CA83D3B91C998A9B009A72C4 /* NCPGraphView.xib */,
			);
			name = Meter;
			sourceTree = "<group>";
		};
		CA1C6B031CA65CB4004E9E48 /* SQLiteDAO */ = {
			isa = PBXGroup;
			children = (
				CA1C6B071CA65D19004E9E48 /* NCPSQLiteDAO.h */,
				CA1C6B081CA65D19004E9E48 /* NCPSQLiteDAO.m */,
			);
			name = SQLiteDAO;
			sourceTree = "<group>";
		};
		CA208CB61C32325E0097652A /* ComplainGuide */ = {
			isa = PBXGroup;
			children = (
				CA4B31221C0F18900013E70E /* NCPComplainGuideViewController.h */,
				CA4B31231C0F18900013E70E /* NCPComplainGuideViewController.m */,
				CA78094E1C9D0BF8003F1DDA /* NCPMapAlertViewController.h */,
				CA78094F1C9D0BF8003F1DDA /* NCPMapAlertViewController.m */,
			);
			name = ComplainGuide;
			sourceTree = "<group>";
		};
		CA4B30D61C0F17050013E70E = {
			isa = PBXGroup;
			children = (
				58B126641C2E6B550095014F /* Libarary */,
				CA4B30E11C0F17050013E70E /* NoiseComplain */,
				CA4B30FB1C0F17050013E70E /* NoiseComplainTests */,
				CA4B31061C0F17050013E70E /* NoiseComplainUITests */,
				CA4B30E01C0F17050013E70E /* Products */,
			);
			sourceTree = "<group>";
			usesTabs = 0;
		};
		CA4B30E01C0F17050013E70E /* Products */ = {
			isa = PBXGroup;
			children = (
				CA4B30DF1C0F17050013E70E /* NoiseComplain.app */,
				CA4B30F81C0F17050013E70E /* NoiseComplainTests.xctest */,
				CA4B31031C0F17050013E70E /* NoiseComplainUITests.xctest */,
			);
			name = Products;
			sourceTree = "<group>";
		};
		CA4B30E11C0F17050013E70E /* NoiseComplain */ = {
			isa = PBXGroup;
			children = (
				CA4B31161C0F17570013E70E /* Sources */,
				CA4B31151C0F17440013E70E /* Resources */,
				CA540B921C27ED5300F8E860 /* Documents */,
				CA4B30E21C0F17050013E70E /* Supporting Files */,
			);
			path = NoiseComplain;
			sourceTree = "<group>";
		};
		CA4B30E21C0F17050013E70E /* Supporting Files */ = {
			isa = PBXGroup;
			children = (
				CA4B30E31C0F17050013E70E /* main.mm */,
				CA3690B21CA197A40015FF2C /* NCPPrefixHeader.pch */,
			);
			name = "Supporting Files";
			sourceTree = "<group>";
		};
		CA4B30FB1C0F17050013E70E /* NoiseComplainTests */ = {
			isa = PBXGroup;
			children = (
				CA4B30FC1C0F17050013E70E /* NoiseComplainTests.m */,
				CA4B30FE1C0F17050013E70E /* Info.plist */,
			);
			path = NoiseComplainTests;
			sourceTree = "<group>";
		};
		CA4B31061C0F17050013E70E /* NoiseComplainUITests */ = {
			isa = PBXGroup;
			children = (
				CA4B31071C0F17050013E70E /* NoiseComplainUITests.m */,
				CA4B31091C0F17050013E70E /* Info.plist */,
			);
			path = NoiseComplainUITests;
			sourceTree = "<group>";
		};
		CA4B31151C0F17440013E70E /* Resources */ = {
			isa = PBXGroup;
			children = (
				CAC7E88C1CA27BFD00802998 /* mapapi.bundle */,
				58C632431C25ADFD00869630 /* Assets.xcassets */,
				CA4B31181C0F17730013E70E /* PropertyList */,
				CA4B31171C0F17610013E70E /* Storyboard */,
			);
			name = Resources;
			sourceTree = "<group>";
		};
		CA4B31161C0F17570013E70E /* Sources */ = {
			isa = PBXGroup;
			children = (
				CA4B31191C0F178E0013E70E /* ViewControllers */,
				CAA0CBCF1C2689BC0055DE89 /* Modules */,
			);
			name = Sources;
			sourceTree = "<group>";
		};
		CA4B31171C0F17610013E70E /* Storyboard */ = {
			isa = PBXGroup;
			children = (
				CAC7E8651CA27B0900802998 /* LaunchScreen.storyboard */,
				CA4B31781C0F1A220013E70E /* Main.storyboard */,
			);
			name = Storyboard;
			sourceTree = "<group>";
		};
		CA4B31181C0F17730013E70E /* PropertyList */ = {
			isa = PBXGroup;
			children = (
				CA4B317A1C0F1B2C0013E70E /* NoiseType.plist */,
				CA4B317B1C0F1B2C0013E70E /* SfaType.plist */,
				CA4B30F31C0F17050013E70E /* Info.plist */,
			);
			name = PropertyList;
			sourceTree = "<group>";
		};
		CA4B31191C0F178E0013E70E /* ViewControllers */ = {
			isa = PBXGroup;
			children = (
				CA208CB61C32325E0097652A /* ComplainGuide */,
				CAACDEBB1C2BE4F600456D5B /* ComplainForm */,
				CA1BBE2E1C8E811800C2FAE3 /* Meter */,
			);
			name = ViewControllers;
			sourceTree = "<group>";
		};
		CA540B921C27ED5300F8E860 /* Documents */ = {
			isa = PBXGroup;
			children = (
				CA540B991C27EEFA00F8E860 /* Sample.md */,
			);
			name = Documents;
			sourceTree = "<group>";
		};
		CA73B7301CA2750E00060C02 /* AFNetworking */ = {
			isa = PBXGroup;
			children = (
				CAC7E8761CA27B9B00802998 /* AFHTTPSessionManager.h */,
				CAC7E8771CA27B9B00802998 /* AFHTTPSessionManager.m */,
				CAC7E8781CA27B9B00802998 /* AFNetworking.h */,
				CAC7E8791CA27B9B00802998 /* AFNetworkReachabilityManager.h */,
				CAC7E87A1CA27B9B00802998 /* AFNetworkReachabilityManager.m */,
				CAC7E87B1CA27B9B00802998 /* AFSecurityPolicy.h */,
				CAC7E87C1CA27B9B00802998 /* AFSecurityPolicy.m */,
				CAC7E87D1CA27B9B00802998 /* AFURLRequestSerialization.h */,
				CAC7E87E1CA27B9B00802998 /* AFURLRequestSerialization.m */,
				CAC7E87F1CA27B9B00802998 /* AFURLResponseSerialization.h */,
				CAC7E8801CA27B9B00802998 /* AFURLResponseSerialization.m */,
				CAC7E8811CA27B9B00802998 /* AFURLSessionManager.h */,
				CAC7E8821CA27B9B00802998 /* AFURLSessionManager.m */,
			);
			name = AFNetworking;
			sourceTree = "<group>";
		};
		CAA0CB7B1C23F8C90055DE89 /* GTLBase64 */ = {
			isa = PBXGroup;
			children = (
				CAC7E8891CA27BA800802998 /* GTLBase64.h */,
				CAC7E88A1CA27BA800802998 /* GTLBase64.m */,
			);
			name = GTLBase64;
			path = NoiseComplain;
			sourceTree = "<group>";
		};
		CAA0CBCF1C2689BC0055DE89 /* Modules */ = {
			isa = PBXGroup;
			children = (
				CA1C6B031CA65CB4004E9E48 /* SQLiteDAO */,
				CAB15E9E1C1E99CB001886F6 /* WebService */,
				3351D446C66C33709F5AA568 /* ComplainForm */,
				3351D5271CEF64093648D1D0 /* NoiseRecorder */,
				3351DA6B30A586142DEA3E0C /* AppDelegate */,
				CAC7E8A31CA5396700802998 /* NCPGeneral.h */,
				CAC7E8A41CA5396700802998 /* NCPGeneral.m */,
			);
			name = Modules;
			sourceTree = "<group>";
		};
		CAACDEBB1C2BE4F600456D5B /* ComplainForm */ = {
			isa = PBXGroup;
			children = (
				CA4B31201C0F18900013E70E /* NCPComplainFormViewController.h */,
				CA4B31211C0F18900013E70E /* NCPComplainFormViewController.m */,
				CA4B31261C0F18900013E70E /* NCPLocationViewController.h */,
				CA4B31271C0F18900013E70E /* NCPLocationViewController.m */,
			);
			name = ComplainForm;
			sourceTree = "<group>";
		};
		CAB15E9E1C1E99CB001886F6 /* WebService */ = {
			isa = PBXGroup;
			children = (
				CA3E4A261C212DA8005E56EC /* NCPWebParameter.h */,
				CA3E4A271C212DA8005E56EC /* NCPWebParameter.m */,
				CAE671071C1AADF3003D8271 /* NCPWebRequest.h */,
				CAE671081C1AADF3003D8271 /* NCPWebRequest.m */,
			);
			name = WebService;
			sourceTree = "<group>";
		};
		CAC7E8671CA27B2700802998 /* Frameworks */ = {
			isa = PBXGroup;
			children = (
				58B126581C2E6ABD0095014F /* CoreGraphics.framework */,
				58B126501C2E6A8A0095014F /* CoreLocation.framework */,
				58B1265E1C2E6AF20095014F /* CoreTelephony.framework */,
				58C28E2C1C4130EE008353E3 /* MapKit.framework */,
				58B126541C2E6AA10095014F /* OpenGLES.framework */,
				58B126521C2E6A950095014F /* QuartzCore.framework */,
				58B1265A1C2E6AC90095014F /* Security.framework */,
				58B126561C2E6AAC0095014F /* SystemConfiguration.framework */,
				58B1265C1C2E6AE20095014F /* libsqlite3.0.tbd */,
				58B126601C2E6AFD0095014F /* libstdc++.6.0.9.tbd */,
			);
			name = Frameworks;
			sourceTree = "<group>";
		};
		CAC7E8901CA5346100802998 /* FMDB */ = {
			isa = PBXGroup;
			children = (
				CAC7E8911CA5347200802998 /* FMDatabase.h */,
				CAC7E8921CA5347200802998 /* FMDatabase.m */,
				CAC7E8931CA5347200802998 /* FMDatabaseAdditions.h */,
				CAC7E8941CA5347200802998 /* FMDatabaseAdditions.m */,
				CAC7E8951CA5347200802998 /* FMDatabasePool.h */,
				CAC7E8961CA5347200802998 /* FMDatabasePool.m */,
				CAC7E8971CA5347200802998 /* FMDatabaseQueue.h */,
				CAC7E8981CA5347200802998 /* FMDatabaseQueue.m */,
				CAC7E8991CA5347200802998 /* FMDB.h */,
				CAC7E89A1CA5347200802998 /* FMResultSet.h */,
				CAC7E89B1CA5347200802998 /* FMResultSet.m */,
			);
			name = FMDB;
			sourceTree = "<group>";
		};
/* End PBXGroup section */

/* Begin PBXNativeTarget section */
		CA4B30DE1C0F17050013E70E /* NoiseComplain */ = {
			isa = PBXNativeTarget;
			buildConfigurationList = CA4B310C1C0F17050013E70E /* Build configuration list for PBXNativeTarget "NoiseComplain" */;
			buildPhases = (
				CA4B30DB1C0F17050013E70E /* Sources */,
				CA4B30DC1C0F17050013E70E /* Frameworks */,
				CA4B30DD1C0F17050013E70E /* Resources */,
			);
			buildRules = (
			);
			dependencies = (
			);
			name = NoiseComplain;
			productName = NoiseComplain;
			productReference = CA4B30DF1C0F17050013E70E /* NoiseComplain.app */;
			productType = "com.apple.product-type.application";
		};
		CA4B30F71C0F17050013E70E /* NoiseComplainTests */ = {
			isa = PBXNativeTarget;
			buildConfigurationList = CA4B310F1C0F17050013E70E /* Build configuration list for PBXNativeTarget "NoiseComplainTests" */;
			buildPhases = (
				CA4B30F41C0F17050013E70E /* Sources */,
				CA4B30F51C0F17050013E70E /* Frameworks */,
				CA4B30F61C0F17050013E70E /* Resources */,
			);
			buildRules = (
			);
			dependencies = (
				CA4B30FA1C0F17050013E70E /* PBXTargetDependency */,
			);
			name = NoiseComplainTests;
			productName = NoiseComplainTests;
			productReference = CA4B30F81C0F17050013E70E /* NoiseComplainTests.xctest */;
			productType = "com.apple.product-type.bundle.unit-test";
		};
		CA4B31021C0F17050013E70E /* NoiseComplainUITests */ = {
			isa = PBXNativeTarget;
			buildConfigurationList = CA4B31121C0F17050013E70E /* Build configuration list for PBXNativeTarget "NoiseComplainUITests" */;
			buildPhases = (
				CA4B30FF1C0F17050013E70E /* Sources */,
				CA4B31001C0F17050013E70E /* Frameworks */,
				CA4B31011C0F17050013E70E /* Resources */,
			);
			buildRules = (
			);
			dependencies = (
				CA4B31051C0F17050013E70E /* PBXTargetDependency */,
			);
			name = NoiseComplainUITests;
			productName = NoiseComplainUITests;
			productReference = CA4B31031C0F17050013E70E /* NoiseComplainUITests.xctest */;
			productType = "com.apple.product-type.bundle.ui-testing";
		};
/* End PBXNativeTarget section */

/* Begin PBXProject section */
		CA4B30D71C0F17050013E70E /* Project object */ = {
			isa = PBXProject;
			attributes = {
				CLASSPREFIX = NCP;
				LastUpgradeCheck = 0710;
				ORGANIZATIONNAME = sysu;
				TargetAttributes = {
					CA4B30DE1C0F17050013E70E = {
						CreatedOnToolsVersion = 7.1.1;
						DevelopmentTeam = DG27483C7C;
					};
					CA4B30F71C0F17050013E70E = {
						CreatedOnToolsVersion = 7.1.1;
						DevelopmentTeam = DG27483C7C;
						TestTargetID = CA4B30DE1C0F17050013E70E;
					};
					CA4B31021C0F17050013E70E = {
						CreatedOnToolsVersion = 7.1.1;
						DevelopmentTeam = DG27483C7C;
						TestTargetID = CA4B30DE1C0F17050013E70E;
					};
				};
			};
			buildConfigurationList = CA4B30DA1C0F17050013E70E /* Build configuration list for PBXProject "NoiseComplain" */;
			compatibilityVersion = "Xcode 3.2";
			developmentRegion = English;
			hasScannedForEncodings = 0;
			knownRegions = (
				en,
				Base,
			);
			mainGroup = CA4B30D61C0F17050013E70E;
			productRefGroup = CA4B30E01C0F17050013E70E /* Products */;
			projectDirPath = "";
			projectRoot = "";
			targets = (
				CA4B30DE1C0F17050013E70E /* NoiseComplain */,
				CA4B30F71C0F17050013E70E /* NoiseComplainTests */,
				CA4B31021C0F17050013E70E /* NoiseComplainUITests */,
			);
		};
/* End PBXProject section */

/* Begin PBXResourcesBuildPhase section */
		CA4B30DD1C0F17050013E70E /* Resources */ = {
			isa = PBXResourcesBuildPhase;
			buildActionMask = 2147483647;
			files = (
				CAC7E88D1CA27BFD00802998 /* mapapi.bundle in Resources */,
				CA4B31791C0F1A220013E70E /* Main.storyboard in Resources */,
				CA4B317D1C0F1B2C0013E70E /* SfaType.plist in Resources */,
				CAC7E8661CA27B0900802998 /* LaunchScreen.storyboard in Resources */,
				CA83D3B81C996849009A72C4 /* NCPMeterView.xib in Resources */,
				CA4B317C1C0F1B2C0013E70E /* NoiseType.plist in Resources */,
				CA83D3BA1C998A9B009A72C4 /* NCPGraphView.xib in Resources */,
				58C632441C25ADFD00869630 /* Assets.xcassets in Resources */,
			);
			runOnlyForDeploymentPostprocessing = 0;
		};
		CA4B30F61C0F17050013E70E /* Resources */ = {
			isa = PBXResourcesBuildPhase;
			buildActionMask = 2147483647;
			files = (
			);
			runOnlyForDeploymentPostprocessing = 0;
		};
		CA4B31011C0F17050013E70E /* Resources */ = {
			isa = PBXResourcesBuildPhase;
			buildActionMask = 2147483647;
			files = (
			);
			runOnlyForDeploymentPostprocessing = 0;
		};
/* End PBXResourcesBuildPhase section */

/* Begin PBXSourcesBuildPhase section */
		CA4B30DB1C0F17050013E70E /* Sources */ = {
			isa = PBXSourcesBuildPhase;
			buildActionMask = 2147483647;
			files = (
				CAC7E8881CA27B9B00802998 /* AFURLSessionManager.m in Sources */,
				CA4B31341C0F18900013E70E /* NCPMeterViewController.m in Sources */,
				CAE671091C1AADF3003D8271 /* NCPWebRequest.m in Sources */,
				CA4B31301C0F18900013E70E /* NCPComplainFormViewController.m in Sources */,
				CA83D3B61C9966B2009A72C4 /* NCPMeterView.m in Sources */,
				CAC7E8831CA27B9B00802998 /* AFHTTPSessionManager.m in Sources */,
				CA4B31311C0F18900013E70E /* NCPComplainGuideViewController.m in Sources */,
				CA4B30E41C0F17050013E70E /* main.mm in Sources */,
				CAC7E8841CA27B9B00802998 /* AFNetworkReachabilityManager.m in Sources */,
				CA4B31331C0F18900013E70E /* NCPLocationViewController.m in Sources */,
				CA7809501C9D0BF8003F1DDA /* NCPMapAlertViewController.m in Sources */,
				CAC7E89C1CA5347200802998 /* FMDatabase.m in Sources */,
				CA3E4A281C212DA8005E56EC /* NCPWebParameter.m in Sources */,
				3351D30EDBD94739240DF560 /* NCPComplainForm.m in Sources */,
				3351D9D79186C195F70CE9D3 /* NCPNoiseRecorder.m in Sources */,
				3351D806EFE1A18EA4923C36 /* NCPAppDelegate.m in Sources */,
				CAC7E88B1CA27BA800802998 /* GTLBase64.m in Sources */,
				CAC7E8861CA27B9B00802998 /* AFURLRequestSerialization.m in Sources */,
				CAC7E89D1CA5347200802998 /* FMDatabaseAdditions.m in Sources */,
				CA1C6B091CA65D19004E9E48 /* NCPSQLiteDAO.m in Sources */,
				CAC7E8A01CA5347200802998 /* FMResultSet.m in Sources */,
				CAC7E8851CA27B9B00802998 /* AFSecurityPolicy.m in Sources */,
				CAC7E89E1CA5347200802998 /* FMDatabasePool.m in Sources */,
				CAC7E8A51CA5396700802998 /* NCPGeneral.m in Sources */,
				CAC7E8871CA27B9B00802998 /* AFURLResponseSerialization.m in Sources */,
				CA83D3BD1C998AA9009A72C4 /* NCPGraphView.m in Sources */,
				CAC7E89F1CA5347200802998 /* FMDatabaseQueue.m in Sources */,
			);
			runOnlyForDeploymentPostprocessing = 0;
		};
		CA4B30F41C0F17050013E70E /* Sources */ = {
			isa = PBXSourcesBuildPhase;
			buildActionMask = 2147483647;
			files = (
				CA4B30FD1C0F17050013E70E /* NoiseComplainTests.m in Sources */,
			);
			runOnlyForDeploymentPostprocessing = 0;
		};
		CA4B30FF1C0F17050013E70E /* Sources */ = {
			isa = PBXSourcesBuildPhase;
			buildActionMask = 2147483647;
			files = (
				CA4B31081C0F17050013E70E /* NoiseComplainUITests.m in Sources */,
			);
			runOnlyForDeploymentPostprocessing = 0;
		};
/* End PBXSourcesBuildPhase section */

/* Begin PBXTargetDependency section */
		CA4B30FA1C0F17050013E70E /* PBXTargetDependency */ = {
			isa = PBXTargetDependency;
			target = CA4B30DE1C0F17050013E70E /* NoiseComplain */;
			targetProxy = CA4B30F91C0F17050013E70E /* PBXContainerItemProxy */;
		};
		CA4B31051C0F17050013E70E /* PBXTargetDependency */ = {
			isa = PBXTargetDependency;
			target = CA4B30DE1C0F17050013E70E /* NoiseComplain */;
			targetProxy = CA4B31041C0F17050013E70E /* PBXContainerItemProxy */;
		};
/* End PBXTargetDependency section */

/* Begin XCBuildConfiguration section */
		CA4B310A1C0F17050013E70E /* Debug */ = {
			isa = XCBuildConfiguration;
			buildSettings = {
				ALWAYS_SEARCH_USER_PATHS = NO;
				CLANG_CXX_LANGUAGE_STANDARD = "gnu++0x";
				CLANG_CXX_LIBRARY = "libc++";
				CLANG_ENABLE_MODULES = YES;
				CLANG_ENABLE_OBJC_ARC = YES;
				CLANG_WARN_BOOL_CONVERSION = YES;
				CLANG_WARN_CONSTANT_CONVERSION = YES;
				CLANG_WARN_DIRECT_OBJC_ISA_USAGE = YES_ERROR;
				CLANG_WARN_EMPTY_BODY = YES;
				CLANG_WARN_ENUM_CONVERSION = YES;
				CLANG_WARN_INT_CONVERSION = YES;
				CLANG_WARN_OBJC_ROOT_CLASS = YES_ERROR;
				CLANG_WARN_UNREACHABLE_CODE = YES;
				CLANG_WARN__DUPLICATE_METHOD_MATCH = YES;
				"CODE_SIGN_IDENTITY[sdk=iphoneos*]" = "iPhone Developer";
				COPY_PHASE_STRIP = NO;
				DEBUG_INFORMATION_FORMAT = dwarf;
				ENABLE_STRICT_OBJC_MSGSEND = YES;
				ENABLE_TESTABILITY = YES;
				GCC_C_LANGUAGE_STANDARD = gnu99;
				GCC_DYNAMIC_NO_PIC = NO;
				GCC_NO_COMMON_BLOCKS = YES;
				GCC_OPTIMIZATION_LEVEL = 0;
				GCC_PREPROCESSOR_DEFINITIONS = (
					"DEBUG=1",
					"$(inherited)",
				);
				GCC_WARN_64_TO_32_BIT_CONVERSION = YES;
				GCC_WARN_ABOUT_RETURN_TYPE = YES_ERROR;
				GCC_WARN_UNDECLARED_SELECTOR = YES;
				GCC_WARN_UNINITIALIZED_AUTOS = YES_AGGRESSIVE;
				GCC_WARN_UNUSED_FUNCTION = YES;
				GCC_WARN_UNUSED_VARIABLE = YES;
				MTL_ENABLE_DEBUG_INFO = YES;
				ONLY_ACTIVE_ARCH = YES;
				SDKROOT = iphoneos;
			};
			name = Debug;
		};
		CA4B310B1C0F17050013E70E /* Release */ = {
			isa = XCBuildConfiguration;
			buildSettings = {
				ALWAYS_SEARCH_USER_PATHS = NO;
				CLANG_CXX_LANGUAGE_STANDARD = "gnu++0x";
				CLANG_CXX_LIBRARY = "libc++";
				CLANG_ENABLE_MODULES = YES;
				CLANG_ENABLE_OBJC_ARC = YES;
				CLANG_WARN_BOOL_CONVERSION = YES;
				CLANG_WARN_CONSTANT_CONVERSION = YES;
				CLANG_WARN_DIRECT_OBJC_ISA_USAGE = YES_ERROR;
				CLANG_WARN_EMPTY_BODY = YES;
				CLANG_WARN_ENUM_CONVERSION = YES;
				CLANG_WARN_INT_CONVERSION = YES;
				CLANG_WARN_OBJC_ROOT_CLASS = YES_ERROR;
				CLANG_WARN_UNREACHABLE_CODE = YES;
				CLANG_WARN__DUPLICATE_METHOD_MATCH = YES;
				"CODE_SIGN_IDENTITY[sdk=iphoneos*]" = "iPhone Developer";
				COPY_PHASE_STRIP = NO;
				DEBUG_INFORMATION_FORMAT = "dwarf-with-dsym";
				ENABLE_NS_ASSERTIONS = NO;
				ENABLE_STRICT_OBJC_MSGSEND = YES;
				GCC_C_LANGUAGE_STANDARD = gnu99;
				GCC_NO_COMMON_BLOCKS = YES;
				GCC_WARN_64_TO_32_BIT_CONVERSION = YES;
				GCC_WARN_ABOUT_RETURN_TYPE = YES_ERROR;
				GCC_WARN_UNDECLARED_SELECTOR = YES;
				GCC_WARN_UNINITIALIZED_AUTOS = YES_AGGRESSIVE;
				GCC_WARN_UNUSED_FUNCTION = YES;
				GCC_WARN_UNUSED_VARIABLE = YES;
				MTL_ENABLE_DEBUG_INFO = NO;
				SDKROOT = iphoneos;
				VALIDATE_PRODUCT = YES;
			};
			name = Release;
		};
		CA4B310D1C0F17050013E70E /* Debug */ = {
			isa = XCBuildConfiguration;
			buildSettings = {
				ASSETCATALOG_COMPILER_APPICON_NAME = AppIcon;
				FRAMEWORK_SEARCH_PATHS = (
					"$(inherited)",
					"$(PROJECT_DIR)/NoiseComplain/Libarary/BaiduMap",
				);
				GCC_PRECOMPILE_PREFIX_HEADER = YES;
				GCC_PREFIX_HEADER = "$(SRCROOT)/NoiseComplain/NCPPrefixHeader.pch";
				INFOPLIST_FILE = NoiseComplain/Info.plist;
				IPHONEOS_DEPLOYMENT_TARGET = 9.0;
				LD_RUNPATH_SEARCH_PATHS = "$(inherited) @executable_path/Frameworks";
				"OTHER_LDFLAGS[arch=*]" = "-ObjC";
				PRODUCT_BUNDLE_IDENTIFIER = sysu.NoiseComplain;
				PRODUCT_NAME = "$(TARGET_NAME)";
			};
			name = Debug;
		};
		CA4B310E1C0F17050013E70E /* Release */ = {
			isa = XCBuildConfiguration;
			buildSettings = {
				ASSETCATALOG_COMPILER_APPICON_NAME = AppIcon;
				FRAMEWORK_SEARCH_PATHS = (
					"$(inherited)",
					"$(PROJECT_DIR)/NoiseComplain/Libarary/BaiduMap",
				);
				GCC_PRECOMPILE_PREFIX_HEADER = YES;
				GCC_PREFIX_HEADER = "$(SRCROOT)/NoiseComplain/NCPPrefixHeader.pch";
				INFOPLIST_FILE = NoiseComplain/Info.plist;
				IPHONEOS_DEPLOYMENT_TARGET = 9.0;
				LD_RUNPATH_SEARCH_PATHS = "$(inherited) @executable_path/Frameworks";
				"OTHER_LDFLAGS[arch=*]" = "-ObjC";
				PRODUCT_BUNDLE_IDENTIFIER = sysu.NoiseComplain;
				PRODUCT_NAME = "$(TARGET_NAME)";
			};
			name = Release;
		};
		CA4B31101C0F17050013E70E /* Debug */ = {
			isa = XCBuildConfiguration;
			buildSettings = {
				BUNDLE_LOADER = "$(TEST_HOST)";
				INFOPLIST_FILE = NoiseComplainTests/Info.plist;
				LD_RUNPATH_SEARCH_PATHS = "$(inherited) @executable_path/Frameworks @loader_path/Frameworks";
				PRODUCT_BUNDLE_IDENTIFIER = sysu.NoiseComplainTests;
				PRODUCT_NAME = "$(TARGET_NAME)";
				TEST_HOST = "$(BUILT_PRODUCTS_DIR)/NoiseComplain.app/NoiseComplain";
			};
			name = Debug;
		};
		CA4B31111C0F17050013E70E /* Release */ = {
			isa = XCBuildConfiguration;
			buildSettings = {
				BUNDLE_LOADER = "$(TEST_HOST)";
				INFOPLIST_FILE = NoiseComplainTests/Info.plist;
				LD_RUNPATH_SEARCH_PATHS = "$(inherited) @executable_path/Frameworks @loader_path/Frameworks";
				PRODUCT_BUNDLE_IDENTIFIER = sysu.NoiseComplainTests;
				PRODUCT_NAME = "$(TARGET_NAME)";
				TEST_HOST = "$(BUILT_PRODUCTS_DIR)/NoiseComplain.app/NoiseComplain";
			};
			name = Release;
		};
		CA4B31131C0F17050013E70E /* Debug */ = {
			isa = XCBuildConfiguration;
			buildSettings = {
				INFOPLIST_FILE = NoiseComplainUITests/Info.plist;
				LD_RUNPATH_SEARCH_PATHS = "$(inherited) @executable_path/Frameworks @loader_path/Frameworks";
				PRODUCT_BUNDLE_IDENTIFIER = sysu.NoiseComplainUITests;
				PRODUCT_NAME = "$(TARGET_NAME)";
				TEST_TARGET_NAME = NoiseComplain;
				USES_XCTRUNNER = YES;
			};
			name = Debug;
		};
		CA4B31141C0F17050013E70E /* Release */ = {
			isa = XCBuildConfiguration;
			buildSettings = {
				INFOPLIST_FILE = NoiseComplainUITests/Info.plist;
				LD_RUNPATH_SEARCH_PATHS = "$(inherited) @executable_path/Frameworks @loader_path/Frameworks";
				PRODUCT_BUNDLE_IDENTIFIER = sysu.NoiseComplainUITests;
				PRODUCT_NAME = "$(TARGET_NAME)";
				TEST_TARGET_NAME = NoiseComplain;
				USES_XCTRUNNER = YES;
			};
			name = Release;
		};
/* End XCBuildConfiguration section */

/* Begin XCConfigurationList section */
		CA4B30DA1C0F17050013E70E /* Build configuration list for PBXProject "NoiseComplain" */ = {
			isa = XCConfigurationList;
			buildConfigurations = (
				CA4B310A1C0F17050013E70E /* Debug */,
				CA4B310B1C0F17050013E70E /* Release */,
			);
			defaultConfigurationIsVisible = 0;
			defaultConfigurationName = Release;
		};
		CA4B310C1C0F17050013E70E /* Build configuration list for PBXNativeTarget "NoiseComplain" */ = {
			isa = XCConfigurationList;
			buildConfigurations = (
				CA4B310D1C0F17050013E70E /* Debug */,
				CA4B310E1C0F17050013E70E /* Release */,
			);
			defaultConfigurationIsVisible = 0;
			defaultConfigurationName = Release;
		};
		CA4B310F1C0F17050013E70E /* Build configuration list for PBXNativeTarget "NoiseComplainTests" */ = {
			isa = XCConfigurationList;
			buildConfigurations = (
				CA4B31101C0F17050013E70E /* Debug */,
				CA4B31111C0F17050013E70E /* Release */,
			);
			defaultConfigurationIsVisible = 0;
			defaultConfigurationName = Release;
		};
		CA4B31121C0F17050013E70E /* Build configuration list for PBXNativeTarget "NoiseComplainUITests" */ = {
			isa = XCConfigurationList;
			buildConfigurations = (
				CA4B31131C0F17050013E70E /* Debug */,
				CA4B31141C0F17050013E70E /* Release */,
			);
			defaultConfigurationIsVisible = 0;
			defaultConfigurationName = Release;
		};
/* End XCConfigurationList section */
	};
	rootObject = CA4B30D71C0F17050013E70E /* Project object */;
}
