// !$*UTF8*$!
{
	archiveVersion = 1;
	classes = {
	};
	objectVersion = 46;
	objects = {

/* Begin PBXBuildFile section */
		5850A39F1C2674B800A95609 /* NCPDashboardView.m in Sources */ = {isa = PBXBuildFile; fileRef = 5850A39E1C2674B800A95609 /* NCPDashboardView.m */; };
		5850A3A21C2699A100A95609 /* NCPArrowView.m in Sources */ = {isa = PBXBuildFile; fileRef = 5850A3A11C2699A100A95609 /* NCPArrowView.m */; };
		58C632441C25ADFD00869630 /* Assets.xcassets in Resources */ = {isa = PBXBuildFile; fileRef = 58C632431C25ADFD00869630 /* Assets.xcassets */; };
		CA3E4A281C212DA8005E56EC /* NCPWebParameter.m in Sources */ = {isa = PBXBuildFile; fileRef = CA3E4A271C212DA8005E56EC /* NCPWebParameter.m */; };
		CA4B30E41C0F17050013E70E /* main.m in Sources */ = {isa = PBXBuildFile; fileRef = CA4B30E31C0F17050013E70E /* main.m */; };
		CA4B30F21C0F17050013E70E /* LaunchScreen.storyboard in Resources */ = {isa = PBXBuildFile; fileRef = CA4B30F01C0F17050013E70E /* LaunchScreen.storyboard */; };
		CA4B30FD1C0F17050013E70E /* NoiseComplainTests.m in Sources */ = {isa = PBXBuildFile; fileRef = CA4B30FC1C0F17050013E70E /* NoiseComplainTests.m */; };
		CA4B31081C0F17050013E70E /* NoiseComplainUITests.m in Sources */ = {isa = PBXBuildFile; fileRef = CA4B31071C0F17050013E70E /* NoiseComplainUITests.m */; };
		CA4B312E1C0F18900013E70E /* NCPAppDelegate.m in Sources */ = {isa = PBXBuildFile; fileRef = CA4B311D1C0F18900013E70E /* NCPAppDelegate.m */; };
		CA4B312F1C0F18900013E70E /* NCPComplainForm.m in Sources */ = {isa = PBXBuildFile; fileRef = CA4B311F1C0F18900013E70E /* NCPComplainForm.m */; };
		CA4B31301C0F18900013E70E /* NCPComplainFormViewController.m in Sources */ = {isa = PBXBuildFile; fileRef = CA4B31211C0F18900013E70E /* NCPComplainFormViewController.m */; };
		CA4B31311C0F18900013E70E /* NCPComplainGuideViewController.m in Sources */ = {isa = PBXBuildFile; fileRef = CA4B31231C0F18900013E70E /* NCPComplainGuideViewController.m */; };
		CA4B31321C0F18900013E70E /* NCPGraphView.m in Sources */ = {isa = PBXBuildFile; fileRef = CA4B31251C0F18900013E70E /* NCPGraphView.m */; };
		CA4B31331C0F18900013E70E /* NCPLocationViewController.m in Sources */ = {isa = PBXBuildFile; fileRef = CA4B31271C0F18900013E70E /* NCPLocationViewController.m */; };
		CA4B31341C0F18900013E70E /* NCPMeterViewController.m in Sources */ = {isa = PBXBuildFile; fileRef = CA4B31291C0F18900013E70E /* NCPMeterViewController.m */; };
		CA4B31351C0F18900013E70E /* NCPNoiseMeter.m in Sources */ = {isa = PBXBuildFile; fileRef = CA4B312B1C0F18900013E70E /* NCPNoiseMeter.m */; };
		CA4B31361C0F18900013E70E /* NCPSettingViewController.m in Sources */ = {isa = PBXBuildFile; fileRef = CA4B312D1C0F18900013E70E /* NCPSettingViewController.m */; };
		CA4B31791C0F1A220013E70E /* Main.storyboard in Resources */ = {isa = PBXBuildFile; fileRef = CA4B31781C0F1A220013E70E /* Main.storyboard */; };
		CA4B317C1C0F1B2C0013E70E /* NoiseType.plist in Resources */ = {isa = PBXBuildFile; fileRef = CA4B317A1C0F1B2C0013E70E /* NoiseType.plist */; };
		CA4B317D1C0F1B2C0013E70E /* SoundFunctionalAreaType.plist in Resources */ = {isa = PBXBuildFile; fileRef = CA4B317B1C0F1B2C0013E70E /* SoundFunctionalAreaType.plist */; };
		CA540B8A1C27BE8B00F8E860 /* NoiseComplain.xcdatamodeld in Sources */ = {isa = PBXBuildFile; fileRef = CA540B881C27BE8B00F8E860 /* NoiseComplain.xcdatamodeld */; };
		CAA0CB7A1C23F8C60055DE89 /* GTLBase64.m in Sources */ = {isa = PBXBuildFile; fileRef = CAA0CB791C23F8C60055DE89 /* GTLBase64.m */; };
		CAA659EB1C269A1000D80605 /* NCPCoreDataDAO.m in Sources */ = {isa = PBXBuildFile; fileRef = CAA659EA1C269A1000D80605 /* NCPCoreDataDAO.m */; };
		CAA659EE1C26AED300D80605 /* NCPComplainFormDAO.m in Sources */ = {isa = PBXBuildFile; fileRef = CAA659ED1C26AED300D80605 /* NCPComplainFormDAO.m */; };
		CAE671091C1AADF3003D8271 /* NCPWebRequest.m in Sources */ = {isa = PBXBuildFile; fileRef = CAE671081C1AADF3003D8271 /* NCPWebRequest.m */; };
/* End PBXBuildFile section */

/* Begin PBXContainerItemProxy section */
		CA4B30F91C0F17050013E70E /* PBXContainerItemProxy */ = {
			isa = PBXContainerItemProxy;
			containerPortal = CA4B30D71C0F17050013E70E /* Project object */;
			proxyType = 1;
			remoteGlobalIDString = CA4B30DE1C0F17050013E70E;
			remoteInfo = NoiseComplain;
		};
		CA4B31041C0F17050013E70E /* PBXContainerItemProxy */ = {
			isa = PBXContainerItemProxy;
			containerPortal = CA4B30D71C0F17050013E70E /* Project object */;
			proxyType = 1;
			remoteGlobalIDString = CA4B30DE1C0F17050013E70E;
			remoteInfo = NoiseComplain;
		};
/* End PBXContainerItemProxy section */

/* Begin PBXFileReference section */
		5850A39D1C2674B800A95609 /* NCPDashboardView.h */ = {isa = PBXFileReference; fileEncoding = 4; lastKnownFileType = sourcecode.c.h; path = NCPDashboardView.h; sourceTree = "<group>"; };
		5850A39E1C2674B800A95609 /* NCPDashboardView.m */ = {isa = PBXFileReference; fileEncoding = 4; lastKnownFileType = sourcecode.c.objc; path = NCPDashboardView.m; sourceTree = "<group>"; };
		5850A3A01C2699A100A95609 /* NCPArrowView.h */ = {isa = PBXFileReference; fileEncoding = 4; lastKnownFileType = sourcecode.c.h; path = NCPArrowView.h; sourceTree = "<group>"; };
		5850A3A11C2699A100A95609 /* NCPArrowView.m */ = {isa = PBXFileReference; fileEncoding = 4; lastKnownFileType = sourcecode.c.objc; path = NCPArrowView.m; sourceTree = "<group>"; };
		58C632431C25ADFD00869630 /* Assets.xcassets */ = {isa = PBXFileReference; lastKnownFileType = folder.assetcatalog; path = Assets.xcassets; sourceTree = "<group>"; };
		CA3E4A261C212DA8005E56EC /* NCPWebParameter.h */ = {isa = PBXFileReference; fileEncoding = 4; lastKnownFileType = sourcecode.c.h; path = NCPWebParameter.h; sourceTree = "<group>"; };
		CA3E4A271C212DA8005E56EC /* NCPWebParameter.m */ = {isa = PBXFileReference; fileEncoding = 4; lastKnownFileType = sourcecode.c.objc; path = NCPWebParameter.m; sourceTree = "<group>"; };
		CA4B30DF1C0F17050013E70E /* NoiseComplain.app */ = {isa = PBXFileReference; explicitFileType = wrapper.application; includeInIndex = 0; path = NoiseComplain.app; sourceTree = BUILT_PRODUCTS_DIR; };
		CA4B30E31C0F17050013E70E /* main.m */ = {isa = PBXFileReference; lastKnownFileType = sourcecode.c.objc; path = main.m; sourceTree = "<group>"; };
		CA4B30F11C0F17050013E70E /* Base */ = {isa = PBXFileReference; lastKnownFileType = file.storyboard; name = Base; path = Base.lproj/LaunchScreen.storyboard; sourceTree = "<group>"; };
		CA4B30F31C0F17050013E70E /* Info.plist */ = {isa = PBXFileReference; lastKnownFileType = text.plist.xml; path = Info.plist; sourceTree = "<group>"; };
		CA4B30F81C0F17050013E70E /* NoiseComplainTests.xctest */ = {isa = PBXFileReference; explicitFileType = wrapper.cfbundle; includeInIndex = 0; path = NoiseComplainTests.xctest; sourceTree = BUILT_PRODUCTS_DIR; };
		CA4B30FC1C0F17050013E70E /* NoiseComplainTests.m */ = {isa = PBXFileReference; lastKnownFileType = sourcecode.c.objc; path = NoiseComplainTests.m; sourceTree = "<group>"; };
		CA4B30FE1C0F17050013E70E /* Info.plist */ = {isa = PBXFileReference; lastKnownFileType = text.plist.xml; path = Info.plist; sourceTree = "<group>"; };
		CA4B31031C0F17050013E70E /* NoiseComplainUITests.xctest */ = {isa = PBXFileReference; explicitFileType = wrapper.cfbundle; includeInIndex = 0; path = NoiseComplainUITests.xctest; sourceTree = BUILT_PRODUCTS_DIR; };
		CA4B31071C0F17050013E70E /* NoiseComplainUITests.m */ = {isa = PBXFileReference; lastKnownFileType = sourcecode.c.objc; path = NoiseComplainUITests.m; sourceTree = "<group>"; };
		CA4B31091C0F17050013E70E /* Info.plist */ = {isa = PBXFileReference; lastKnownFileType = text.plist.xml; path = Info.plist; sourceTree = "<group>"; };
		CA4B311C1C0F18900013E70E /* NCPAppDelegate.h */ = {isa = PBXFileReference; fileEncoding = 4; lastKnownFileType = sourcecode.c.h; path = NCPAppDelegate.h; sourceTree = "<group>"; };
		CA4B311D1C0F18900013E70E /* NCPAppDelegate.m */ = {isa = PBXFileReference; fileEncoding = 4; lastKnownFileType = sourcecode.c.objc; path = NCPAppDelegate.m; sourceTree = "<group>"; };
		CA4B311E1C0F18900013E70E /* NCPComplainForm.h */ = {isa = PBXFileReference; fileEncoding = 4; lastKnownFileType = sourcecode.c.h; path = NCPComplainForm.h; sourceTree = "<group>"; };
		CA4B311F1C0F18900013E70E /* NCPComplainForm.m */ = {isa = PBXFileReference; fileEncoding = 4; lastKnownFileType = sourcecode.c.objc; path = NCPComplainForm.m; sourceTree = "<group>"; };
		CA4B31201C0F18900013E70E /* NCPComplainFormViewController.h */ = {isa = PBXFileReference; fileEncoding = 4; lastKnownFileType = sourcecode.c.h; path = NCPComplainFormViewController.h; sourceTree = "<group>"; };
		CA4B31211C0F18900013E70E /* NCPComplainFormViewController.m */ = {isa = PBXFileReference; fileEncoding = 4; lastKnownFileType = sourcecode.c.objc; path = NCPComplainFormViewController.m; sourceTree = "<group>"; };
		CA4B31221C0F18900013E70E /* NCPComplainGuideViewController.h */ = {isa = PBXFileReference; fileEncoding = 4; lastKnownFileType = sourcecode.c.h; path = NCPComplainGuideViewController.h; sourceTree = "<group>"; };
		CA4B31231C0F18900013E70E /* NCPComplainGuideViewController.m */ = {isa = PBXFileReference; fileEncoding = 4; lastKnownFileType = sourcecode.c.objc; path = NCPComplainGuideViewController.m; sourceTree = "<group>"; };
		CA4B31241C0F18900013E70E /* NCPGraphView.h */ = {isa = PBXFileReference; fileEncoding = 4; lastKnownFileType = sourcecode.c.h; path = NCPGraphView.h; sourceTree = "<group>"; };
		CA4B31251C0F18900013E70E /* NCPGraphView.m */ = {isa = PBXFileReference; fileEncoding = 4; lastKnownFileType = sourcecode.c.objc; path = NCPGraphView.m; sourceTree = "<group>"; };
		CA4B31261C0F18900013E70E /* NCPLocationViewController.h */ = {isa = PBXFileReference; fileEncoding = 4; lastKnownFileType = sourcecode.c.h; path = NCPLocationViewController.h; sourceTree = "<group>"; };
		CA4B31271C0F18900013E70E /* NCPLocationViewController.m */ = {isa = PBXFileReference; fileEncoding = 4; lastKnownFileType = sourcecode.c.objc; path = NCPLocationViewController.m; sourceTree = "<group>"; };
		CA4B31281C0F18900013E70E /* NCPMeterViewController.h */ = {isa = PBXFileReference; fileEncoding = 4; lastKnownFileType = sourcecode.c.h; path = NCPMeterViewController.h; sourceTree = "<group>"; };
		CA4B31291C0F18900013E70E /* NCPMeterViewController.m */ = {isa = PBXFileReference; fileEncoding = 4; lastKnownFileType = sourcecode.c.objc; path = NCPMeterViewController.m; sourceTree = "<group>"; };
		CA4B312A1C0F18900013E70E /* NCPNoiseMeter.h */ = {isa = PBXFileReference; fileEncoding = 4; lastKnownFileType = sourcecode.c.h; path = NCPNoiseMeter.h; sourceTree = "<group>"; };
		CA4B312B1C0F18900013E70E /* NCPNoiseMeter.m */ = {isa = PBXFileReference; fileEncoding = 4; lastKnownFileType = sourcecode.c.objc; path = NCPNoiseMeter.m; sourceTree = "<group>"; };
		CA4B312C1C0F18900013E70E /* NCPSettingViewController.h */ = {isa = PBXFileReference; fileEncoding = 4; lastKnownFileType = sourcecode.c.h; path = NCPSettingViewController.h; sourceTree = "<group>"; };
		CA4B312D1C0F18900013E70E /* NCPSettingViewController.m */ = {isa = PBXFileReference; fileEncoding = 4; lastKnownFileType = sourcecode.c.objc; path = NCPSettingViewController.m; sourceTree = "<group>"; };
		CA4B31781C0F1A220013E70E /* Main.storyboard */ = {isa = PBXFileReference; fileEncoding = 4; lastKnownFileType = file.storyboard; path = Main.storyboard; sourceTree = "<group>"; };
		CA4B317A1C0F1B2C0013E70E /* NoiseType.plist */ = {isa = PBXFileReference; fileEncoding = 4; lastKnownFileType = text.plist.xml; path = NoiseType.plist; sourceTree = "<group>"; };
		CA4B317B1C0F1B2C0013E70E /* SoundFunctionalAreaType.plist */ = {isa = PBXFileReference; fileEncoding = 4; lastKnownFileType = text.plist.xml; path = SoundFunctionalAreaType.plist; sourceTree = "<group>"; };
		CA540B891C27BE8B00F8E860 /* NoiseComplain.xcdatamodel */ = {isa = PBXFileReference; lastKnownFileType = wrapper.xcdatamodel; path = NoiseComplain.xcdatamodel; sourceTree = "<group>"; };
		CAA0CB781C23F8C60055DE89 /* GTLBase64.h */ = {isa = PBXFileReference; fileEncoding = 4; lastKnownFileType = sourcecode.c.h; path = GTLBase64.h; sourceTree = "<group>"; };
		CAA0CB791C23F8C60055DE89 /* GTLBase64.m */ = {isa = PBXFileReference; fileEncoding = 4; lastKnownFileType = sourcecode.c.objc; path = GTLBase64.m; sourceTree = "<group>"; };
		CAA659E91C269A1000D80605 /* NCPCoreDataDAO.h */ = {isa = PBXFileReference; fileEncoding = 4; lastKnownFileType = sourcecode.c.h; path = NCPCoreDataDAO.h; sourceTree = "<group>"; };
		CAA659EA1C269A1000D80605 /* NCPCoreDataDAO.m */ = {isa = PBXFileReference; fileEncoding = 4; lastKnownFileType = sourcecode.c.objc; path = NCPCoreDataDAO.m; sourceTree = "<group>"; };
		CAA659EC1C26AED300D80605 /* NCPComplainFormDAO.h */ = {isa = PBXFileReference; fileEncoding = 4; lastKnownFileType = sourcecode.c.h; path = NCPComplainFormDAO.h; sourceTree = "<group>"; };
		CAA659ED1C26AED300D80605 /* NCPComplainFormDAO.m */ = {isa = PBXFileReference; fileEncoding = 4; lastKnownFileType = sourcecode.c.objc; path = NCPComplainFormDAO.m; sourceTree = "<group>"; };
		CAE671071C1AADF3003D8271 /* NCPWebRequest.h */ = {isa = PBXFileReference; fileEncoding = 4; lastKnownFileType = sourcecode.c.h; path = NCPWebRequest.h; sourceTree = "<group>"; };
		CAE671081C1AADF3003D8271 /* NCPWebRequest.m */ = {isa = PBXFileReference; fileEncoding = 4; lastKnownFileType = sourcecode.c.objc; path = NCPWebRequest.m; sourceTree = "<group>"; };
/* End PBXFileReference section */

/* Begin PBXFrameworksBuildPhase section */
		CA4B30DC1C0F17050013E70E /* Frameworks */ = {
			isa = PBXFrameworksBuildPhase;
			buildActionMask = 2147483647;
			files = (
			);
			runOnlyForDeploymentPostprocessing = 0;
		};
		CA4B30F51C0F17050013E70E /* Frameworks */ = {
			isa = PBXFrameworksBuildPhase;
			buildActionMask = 2147483647;
			files = (
			);
			runOnlyForDeploymentPostprocessing = 0;
		};
		CA4B31001C0F17050013E70E /* Frameworks */ = {
			isa = PBXFrameworksBuildPhase;
			buildActionMask = 2147483647;
			files = (
			);
			runOnlyForDeploymentPostprocessing = 0;
		};
/* End PBXFrameworksBuildPhase section */

/* Begin PBXGroup section */
		CA4B30D61C0F17050013E70E = {
			isa = PBXGroup;
			children = (
				CA4B30E11C0F17050013E70E /* NoiseComplain */,
				CA4B30FB1C0F17050013E70E /* NoiseComplainTests */,
				CA4B31061C0F17050013E70E /* NoiseComplainUITests */,
				CA4B30E01C0F17050013E70E /* Products */,
			);
			sourceTree = "<group>";
			usesTabs = 0;
		};
		CA4B30E01C0F17050013E70E /* Products */ = {
			isa = PBXGroup;
			children = (
				CA4B30DF1C0F17050013E70E /* NoiseComplain.app */,
				CA4B30F81C0F17050013E70E /* NoiseComplainTests.xctest */,
				CA4B31031C0F17050013E70E /* NoiseComplainUITests.xctest */,
			);
			name = Products;
			sourceTree = "<group>";
		};
		CA4B30E11C0F17050013E70E /* NoiseComplain */ = {
			isa = PBXGroup;
			children = (
				CA4B31161C0F17570013E70E /* Sources */,
				CA4B31151C0F17440013E70E /* Resources */,
				CA4B30E21C0F17050013E70E /* Supporting Files */,
			);
			path = NoiseComplain;
			sourceTree = "<group>";
		};
		CA4B30E21C0F17050013E70E /* Supporting Files */ = {
			isa = PBXGroup;
			children = (
				CA4B30E31C0F17050013E70E /* main.m */,
			);
			name = "Supporting Files";
			sourceTree = "<group>";
		};
		CA4B30FB1C0F17050013E70E /* NoiseComplainTests */ = {
			isa = PBXGroup;
			children = (
				CA4B30FC1C0F17050013E70E /* NoiseComplainTests.m */,
				CA4B30FE1C0F17050013E70E /* Info.plist */,
			);
			path = NoiseComplainTests;
			sourceTree = "<group>";
		};
		CA4B31061C0F17050013E70E /* NoiseComplainUITests */ = {
			isa = PBXGroup;
			children = (
				CA4B31071C0F17050013E70E /* NoiseComplainUITests.m */,
				CA4B31091C0F17050013E70E /* Info.plist */,
			);
			path = NoiseComplainUITests;
			sourceTree = "<group>";
		};
		CA4B31151C0F17440013E70E /* Resources */ = {
			isa = PBXGroup;
			children = (
				58C632431C25ADFD00869630 /* Assets.xcassets */,
				CA4B31181C0F17730013E70E /* PropertyList */,
				CA4B31171C0F17610013E70E /* Storyboard */,
			);
			name = Resources;
			sourceTree = "<group>";
		};
		CA4B31161C0F17570013E70E /* Sources */ = {
			isa = PBXGroup;
			children = (
				CA4B311C1C0F18900013E70E /* NCPAppDelegate.h */,
				CA4B311D1C0F18900013E70E /* NCPAppDelegate.m */,
				CA4B311A1C0F17990013E70E /* CustomViews */,
				CA4B31191C0F178E0013E70E /* ViewControllers */,
				CA4B311B1C0F17A80013E70E /* Models */,
				CAA0CB831C25AE8B0055DE89 /* DataPersistence */,
				CAA0CBCF1C2689BC0055DE89 /* Utilities */,
				CAB15E941C1E8B29001886F6 /* Libraries */,
			);
			name = Sources;
			sourceTree = "<group>";
		};
		CA4B31171C0F17610013E70E /* Storyboard */ = {
			isa = PBXGroup;
			children = (
				CA4B31781C0F1A220013E70E /* Main.storyboard */,
				CA4B30F01C0F17050013E70E /* LaunchScreen.storyboard */,
			);
			name = Storyboard;
			sourceTree = "<group>";
		};
		CA4B31181C0F17730013E70E /* PropertyList */ = {
			isa = PBXGroup;
			children = (
				CA4B317A1C0F1B2C0013E70E /* NoiseType.plist */,
				CA4B317B1C0F1B2C0013E70E /* SoundFunctionalAreaType.plist */,
				CA4B30F31C0F17050013E70E /* Info.plist */,
			);
			name = PropertyList;
			sourceTree = "<group>";
		};
		CA4B31191C0F178E0013E70E /* ViewControllers */ = {
			isa = PBXGroup;
			children = (
				CA4B31281C0F18900013E70E /* NCPMeterViewController.h */,
				CA4B31291C0F18900013E70E /* NCPMeterViewController.m */,
				CA4B312C1C0F18900013E70E /* NCPSettingViewController.h */,
				CA4B312D1C0F18900013E70E /* NCPSettingViewController.m */,
				CA4B31221C0F18900013E70E /* NCPComplainGuideViewController.h */,
				CA4B31231C0F18900013E70E /* NCPComplainGuideViewController.m */,
				CA4B31201C0F18900013E70E /* NCPComplainFormViewController.h */,
				CA4B31211C0F18900013E70E /* NCPComplainFormViewController.m */,
				CA4B31261C0F18900013E70E /* NCPLocationViewController.h */,
				CA4B31271C0F18900013E70E /* NCPLocationViewController.m */,
			);
			name = ViewControllers;
			sourceTree = "<group>";
		};
		CA4B311A1C0F17990013E70E /* CustomViews */ = {
			isa = PBXGroup;
			children = (
				CA4B31241C0F18900013E70E /* NCPGraphView.h */,
				CA4B31251C0F18900013E70E /* NCPGraphView.m */,
				5850A39D1C2674B800A95609 /* NCPDashboardView.h */,
				5850A39E1C2674B800A95609 /* NCPDashboardView.m */,
				5850A3A01C2699A100A95609 /* NCPArrowView.h */,
				5850A3A11C2699A100A95609 /* NCPArrowView.m */,
			);
			name = CustomViews;
			sourceTree = "<group>";
		};
		CA4B311B1C0F17A80013E70E /* Models */ = {
			isa = PBXGroup;
			children = (
				CA4B311E1C0F18900013E70E /* NCPComplainForm.h */,
				CA4B311F1C0F18900013E70E /* NCPComplainForm.m */,
				CA4B312A1C0F18900013E70E /* NCPNoiseMeter.h */,
				CA4B312B1C0F18900013E70E /* NCPNoiseMeter.m */,
			);
			name = Models;
			sourceTree = "<group>";
		};
		CAA0CB7B1C23F8C90055DE89 /* GTLBase64 */ = {
			isa = PBXGroup;
			children = (
				CAA0CB781C23F8C60055DE89 /* GTLBase64.h */,
				CAA0CB791C23F8C60055DE89 /* GTLBase64.m */,
			);
			name = GTLBase64;
			sourceTree = "<group>";
		};
		CAA0CB831C25AE8B0055DE89 /* DataPersistence */ = {
			isa = PBXGroup;
			children = (
				CA540B881C27BE8B00F8E860 /* NoiseComplain.xcdatamodeld */,
				CAA659E91C269A1000D80605 /* NCPCoreDataDAO.h */,
				CAA659EA1C269A1000D80605 /* NCPCoreDataDAO.m */,
				CAA659EC1C26AED300D80605 /* NCPComplainFormDAO.h */,
				CAA659ED1C26AED300D80605 /* NCPComplainFormDAO.m */,
			);
			name = DataPersistence;
			sourceTree = "<group>";
		};
		CAA0CBCF1C2689BC0055DE89 /* Utilities */ = {
			isa = PBXGroup;
			children = (
				CAB15E9E1C1E99CB001886F6 /* WebService */,
			);
			name = Utilities;
			sourceTree = "<group>";
		};
		CAB15E941C1E8B29001886F6 /* Libraries */ = {
			isa = PBXGroup;
			children = (
				CAA0CB7B1C23F8C90055DE89 /* GTLBase64 */,
			);
			name = Libraries;
			sourceTree = "<group>";
		};
		CAB15E9E1C1E99CB001886F6 /* WebService */ = {
			isa = PBXGroup;
			children = (
				CA3E4A261C212DA8005E56EC /* NCPWebParameter.h */,
				CA3E4A271C212DA8005E56EC /* NCPWebParameter.m */,
				CAE671071C1AADF3003D8271 /* NCPWebRequest.h */,
				CAE671081C1AADF3003D8271 /* NCPWebRequest.m */,
			);
			name = WebService;
			sourceTree = "<group>";
		};
/* End PBXGroup section */

/* Begin PBXNativeTarget section */
		CA4B30DE1C0F17050013E70E /* NoiseComplain */ = {
			isa = PBXNativeTarget;
			buildConfigurationList = CA4B310C1C0F17050013E70E /* Build configuration list for PBXNativeTarget "NoiseComplain" */;
			buildPhases = (
				CA4B30DB1C0F17050013E70E /* Sources */,
				CA4B30DC1C0F17050013E70E /* Frameworks */,
				CA4B30DD1C0F17050013E70E /* Resources */,
			);
			buildRules = (
			);
			dependencies = (
			);
			name = NoiseComplain;
			productName = NoiseComplain;
			productReference = CA4B30DF1C0F17050013E70E /* NoiseComplain.app */;
			productType = "com.apple.product-type.application";
		};
		CA4B30F71C0F17050013E70E /* NoiseComplainTests */ = {
			isa = PBXNativeTarget;
			buildConfigurationList = CA4B310F1C0F17050013E70E /* Build configuration list for PBXNativeTarget "NoiseComplainTests" */;
			buildPhases = (
				CA4B30F41C0F17050013E70E /* Sources */,
				CA4B30F51C0F17050013E70E /* Frameworks */,
				CA4B30F61C0F17050013E70E /* Resources */,
			);
			buildRules = (
			);
			dependencies = (
				CA4B30FA1C0F17050013E70E /* PBXTargetDependency */,
			);
			name = NoiseComplainTests;
			productName = NoiseComplainTests;
			productReference = CA4B30F81C0F17050013E70E /* NoiseComplainTests.xctest */;
			productType = "com.apple.product-type.bundle.unit-test";
		};
		CA4B31021C0F17050013E70E /* NoiseComplainUITests */ = {
			isa = PBXNativeTarget;
			buildConfigurationList = CA4B31121C0F17050013E70E /* Build configuration list for PBXNativeTarget "NoiseComplainUITests" */;
			buildPhases = (
				CA4B30FF1C0F17050013E70E /* Sources */,
				CA4B31001C0F17050013E70E /* Frameworks */,
				CA4B31011C0F17050013E70E /* Resources */,
			);
			buildRules = (
			);
			dependencies = (
				CA4B31051C0F17050013E70E /* PBXTargetDependency */,
			);
			name = NoiseComplainUITests;
			productName = NoiseComplainUITests;
			productReference = CA4B31031C0F17050013E70E /* NoiseComplainUITests.xctest */;
			productType = "com.apple.product-type.bundle.ui-testing";
		};
/* End PBXNativeTarget section */

/* Begin PBXProject section */
		CA4B30D71C0F17050013E70E /* Project object */ = {
			isa = PBXProject;
			attributes = {
				CLASSPREFIX = NCP;
				LastUpgradeCheck = 0710;
				ORGANIZATIONNAME = sysu;
				TargetAttributes = {
					CA4B30DE1C0F17050013E70E = {
						CreatedOnToolsVersion = 7.1.1;
						DevelopmentTeam = DG27483C7C;
					};
					CA4B30F71C0F17050013E70E = {
						CreatedOnToolsVersion = 7.1.1;
						DevelopmentTeam = DG27483C7C;
						TestTargetID = CA4B30DE1C0F17050013E70E;
					};
					CA4B31021C0F17050013E70E = {
						CreatedOnToolsVersion = 7.1.1;
						DevelopmentTeam = DG27483C7C;
						TestTargetID = CA4B30DE1C0F17050013E70E;
					};
				};
			};
			buildConfigurationList = CA4B30DA1C0F17050013E70E /* Build configuration list for PBXProject "NoiseComplain" */;
			compatibilityVersion = "Xcode 3.2";
			developmentRegion = English;
			hasScannedForEncodings = 0;
			knownRegions = (
				en,
				Base,
			);
			mainGroup = CA4B30D61C0F17050013E70E;
			productRefGroup = CA4B30E01C0F17050013E70E /* Products */;
			projectDirPath = "";
			projectRoot = "";
			targets = (
				CA4B30DE1C0F17050013E70E /* NoiseComplain */,
				CA4B30F71C0F17050013E70E /* NoiseComplainTests */,
				CA4B31021C0F17050013E70E /* NoiseComplainUITests */,
			);
		};
/* End PBXProject section */

/* Begin PBXResourcesBuildPhase section */
		CA4B30DD1C0F17050013E70E /* Resources */ = {
			isa = PBXResourcesBuildPhase;
			buildActionMask = 2147483647;
			files = (
				CA4B31791C0F1A220013E70E /* Main.storyboard in Resources */,
				CA4B317D1C0F1B2C0013E70E /* SoundFunctionalAreaType.plist in Resources */,
				CA4B317C1C0F1B2C0013E70E /* NoiseType.plist in Resources */,
				CA4B30F21C0F17050013E70E /* LaunchScreen.storyboard in Resources */,
				58C632441C25ADFD00869630 /* Assets.xcassets in Resources */,
			);
			runOnlyForDeploymentPostprocessing = 0;
		};
		CA4B30F61C0F17050013E70E /* Resources */ = {
			isa = PBXResourcesBuildPhase;
			buildActionMask = 2147483647;
			files = (
			);
			runOnlyForDeploymentPostprocessing = 0;
		};
		CA4B31011C0F17050013E70E /* Resources */ = {
			isa = PBXResourcesBuildPhase;
			buildActionMask = 2147483647;
			files = (
			);
			runOnlyForDeploymentPostprocessing = 0;
		};
/* End PBXResourcesBuildPhase section */

/* Begin PBXSourcesBuildPhase section */
		CA4B30DB1C0F17050013E70E /* Sources */ = {
			isa = PBXSourcesBuildPhase;
			buildActionMask = 2147483647;
			files = (
				CA4B31341C0F18900013E70E /* NCPMeterViewController.m in Sources */,
				CA4B31361C0F18900013E70E /* NCPSettingViewController.m in Sources */,
				CAE671091C1AADF3003D8271 /* NCPWebRequest.m in Sources */,
				CA540B8A1C27BE8B00F8E860 /* NoiseComplain.xcdatamodeld in Sources */,
				CA4B312E1C0F18900013E70E /* NCPAppDelegate.m in Sources */,
				CA4B31301C0F18900013E70E /* NCPComplainFormViewController.m in Sources */,
				CAA659EB1C269A1000D80605 /* NCPCoreDataDAO.m in Sources */,
				CA4B31351C0F18900013E70E /* NCPNoiseMeter.m in Sources */,
				CA4B31311C0F18900013E70E /* NCPComplainGuideViewController.m in Sources */,
				CA4B30E41C0F17050013E70E /* main.m in Sources */,
				CA4B312F1C0F18900013E70E /* NCPComplainForm.m in Sources */,
				CAA659EE1C26AED300D80605 /* NCPComplainFormDAO.m in Sources */,
				CAA0CB7A1C23F8C60055DE89 /* GTLBase64.m in Sources */,
				CA4B31331C0F18900013E70E /* NCPLocationViewController.m in Sources */,
				5850A39F1C2674B800A95609 /* NCPDashboardView.m in Sources */,
				5850A3A21C2699A100A95609 /* NCPArrowView.m in Sources */,
				CA3E4A281C212DA8005E56EC /* NCPWebParameter.m in Sources */,
				CA4B31321C0F18900013E70E /* NCPGraphView.m in Sources */,
			);
			runOnlyForDeploymentPostprocessing = 0;
		};
		CA4B30F41C0F17050013E70E /* Sources */ = {
			isa = PBXSourcesBuildPhase;
			buildActionMask = 2147483647;
			files = (
				CA4B30FD1C0F17050013E70E /* NoiseComplainTests.m in Sources */,
			);
			runOnlyForDeploymentPostprocessing = 0;
		};
		CA4B30FF1C0F17050013E70E /* Sources */ = {
			isa = PBXSourcesBuildPhase;
			buildActionMask = 2147483647;
			files = (
				CA4B31081C0F17050013E70E /* NoiseComplainUITests.m in Sources */,
			);
			runOnlyForDeploymentPostprocessing = 0;
		};
/* End PBXSourcesBuildPhase section */

/* Begin PBXTargetDependency section */
		CA4B30FA1C0F17050013E70E /* PBXTargetDependency */ = {
			isa = PBXTargetDependency;
			target = CA4B30DE1C0F17050013E70E /* NoiseComplain */;
			targetProxy = CA4B30F91C0F17050013E70E /* PBXContainerItemProxy */;
		};
		CA4B31051C0F17050013E70E /* PBXTargetDependency */ = {
			isa = PBXTargetDependency;
			target = CA4B30DE1C0F17050013E70E /* NoiseComplain */;
			targetProxy = CA4B31041C0F17050013E70E /* PBXContainerItemProxy */;
		};
/* End PBXTargetDependency section */

/* Begin PBXVariantGroup section */
		CA4B30F01C0F17050013E70E /* LaunchScreen.storyboard */ = {
			isa = PBXVariantGroup;
			children = (
				CA4B30F11C0F17050013E70E /* Base */,
			);
			name = LaunchScreen.storyboard;
			sourceTree = "<group>";
		};
/* End PBXVariantGroup section */

/* Begin XCBuildConfiguration section */
		CA4B310A1C0F17050013E70E /* Debug */ = {
			isa = XCBuildConfiguration;
			buildSettings = {
				ALWAYS_SEARCH_USER_PATHS = NO;
				CLANG_CXX_LANGUAGE_STANDARD = "gnu++0x";
				CLANG_CXX_LIBRARY = "libc++";
				CLANG_ENABLE_MODULES = YES;
				CLANG_ENABLE_OBJC_ARC = YES;
				CLANG_WARN_BOOL_CONVERSION = YES;
				CLANG_WARN_CONSTANT_CONVERSION = YES;
				CLANG_WARN_DIRECT_OBJC_ISA_USAGE = YES_ERROR;
				CLANG_WARN_EMPTY_BODY = YES;
				CLANG_WARN_ENUM_CONVERSION = YES;
				CLANG_WARN_INT_CONVERSION = YES;
				CLANG_WARN_OBJC_ROOT_CLASS = YES_ERROR;
				CLANG_WARN_UNREACHABLE_CODE = YES;
				CLANG_WARN__DUPLICATE_METHOD_MATCH = YES;
				"CODE_SIGN_IDENTITY[sdk=iphoneos*]" = "iPhone Developer";
				COPY_PHASE_STRIP = NO;
				DEBUG_INFORMATION_FORMAT = dwarf;
				ENABLE_STRICT_OBJC_MSGSEND = YES;
				ENABLE_TESTABILITY = YES;
				GCC_C_LANGUAGE_STANDARD = gnu99;
				GCC_DYNAMIC_NO_PIC = NO;
				GCC_NO_COMMON_BLOCKS = YES;
				GCC_OPTIMIZATION_LEVEL = 0;
				GCC_PREPROCESSOR_DEFINITIONS = (
					"DEBUG=1",
					"$(inherited)",
				);
				GCC_WARN_64_TO_32_BIT_CONVERSION = YES;
				GCC_WARN_ABOUT_RETURN_TYPE = YES_ERROR;
				GCC_WARN_UNDECLARED_SELECTOR = YES;
				GCC_WARN_UNINITIALIZED_AUTOS = YES_AGGRESSIVE;
				GCC_WARN_UNUSED_FUNCTION = YES;
				GCC_WARN_UNUSED_VARIABLE = YES;
				IPHONEOS_DEPLOYMENT_TARGET = 9.1;
				MTL_ENABLE_DEBUG_INFO = YES;
				ONLY_ACTIVE_ARCH = YES;
				SDKROOT = iphoneos;
			};
			name = Debug;
		};
		CA4B310B1C0F17050013E70E /* Release */ = {
			isa = XCBuildConfiguration;
			buildSettings = {
				ALWAYS_SEARCH_USER_PATHS = NO;
				CLANG_CXX_LANGUAGE_STANDARD = "gnu++0x";
				CLANG_CXX_LIBRARY = "libc++";
				CLANG_ENABLE_MODULES = YES;
				CLANG_ENABLE_OBJC_ARC = YES;
				CLANG_WARN_BOOL_CONVERSION = YES;
				CLANG_WARN_CONSTANT_CONVERSION = YES;
				CLANG_WARN_DIRECT_OBJC_ISA_USAGE = YES_ERROR;
				CLANG_WARN_EMPTY_BODY = YES;
				CLANG_WARN_ENUM_CONVERSION = YES;
				CLANG_WARN_INT_CONVERSION = YES;
				CLANG_WARN_OBJC_ROOT_CLASS = YES_ERROR;
				CLANG_WARN_UNREACHABLE_CODE = YES;
				CLANG_WARN__DUPLICATE_METHOD_MATCH = YES;
				"CODE_SIGN_IDENTITY[sdk=iphoneos*]" = "iPhone Developer";
				COPY_PHASE_STRIP = NO;
				DEBUG_INFORMATION_FORMAT = "dwarf-with-dsym";
				ENABLE_NS_ASSERTIONS = NO;
				ENABLE_STRICT_OBJC_MSGSEND = YES;
				GCC_C_LANGUAGE_STANDARD = gnu99;
				GCC_NO_COMMON_BLOCKS = YES;
				GCC_WARN_64_TO_32_BIT_CONVERSION = YES;
				GCC_WARN_ABOUT_RETURN_TYPE = YES_ERROR;
				GCC_WARN_UNDECLARED_SELECTOR = YES;
				GCC_WARN_UNINITIALIZED_AUTOS = YES_AGGRESSIVE;
				GCC_WARN_UNUSED_FUNCTION = YES;
				GCC_WARN_UNUSED_VARIABLE = YES;
				IPHONEOS_DEPLOYMENT_TARGET = 9.1;
				MTL_ENABLE_DEBUG_INFO = NO;
				SDKROOT = iphoneos;
				VALIDATE_PRODUCT = YES;
			};
			name = Release;
		};
		CA4B310D1C0F17050013E70E /* Debug */ = {
			isa = XCBuildConfiguration;
			buildSettings = {
				ASSETCATALOG_COMPILER_APPICON_NAME = AppIcon;
				INFOPLIST_FILE = NoiseComplain/Info.plist;
				LD_RUNPATH_SEARCH_PATHS = "$(inherited) @executable_path/Frameworks";
				PRODUCT_BUNDLE_IDENTIFIER = sysu.NoiseComplain;
				PRODUCT_NAME = "$(TARGET_NAME)";
			};
			name = Debug;
		};
		CA4B310E1C0F17050013E70E /* Release */ = {
			isa = XCBuildConfiguration;
			buildSettings = {
				ASSETCATALOG_COMPILER_APPICON_NAME = AppIcon;
				INFOPLIST_FILE = NoiseComplain/Info.plist;
				LD_RUNPATH_SEARCH_PATHS = "$(inherited) @executable_path/Frameworks";
				PRODUCT_BUNDLE_IDENTIFIER = sysu.NoiseComplain;
				PRODUCT_NAME = "$(TARGET_NAME)";
			};
			name = Release;
		};
		CA4B31101C0F17050013E70E /* Debug */ = {
			isa = XCBuildConfiguration;
			buildSettings = {
				BUNDLE_LOADER = "$(TEST_HOST)";
				INFOPLIST_FILE = NoiseComplainTests/Info.plist;
				LD_RUNPATH_SEARCH_PATHS = "$(inherited) @executable_path/Frameworks @loader_path/Frameworks";
				PRODUCT_BUNDLE_IDENTIFIER = sysu.NoiseComplainTests;
				PRODUCT_NAME = "$(TARGET_NAME)";
				TEST_HOST = "$(BUILT_PRODUCTS_DIR)/NoiseComplain.app/NoiseComplain";
			};
			name = Debug;
		};
		CA4B31111C0F17050013E70E /* Release */ = {
			isa = XCBuildConfiguration;
			buildSettings = {
				BUNDLE_LOADER = "$(TEST_HOST)";
				INFOPLIST_FILE = NoiseComplainTests/Info.plist;
				LD_RUNPATH_SEARCH_PATHS = "$(inherited) @executable_path/Frameworks @loader_path/Frameworks";
				PRODUCT_BUNDLE_IDENTIFIER = sysu.NoiseComplainTests;
				PRODUCT_NAME = "$(TARGET_NAME)";
				TEST_HOST = "$(BUILT_PRODUCTS_DIR)/NoiseComplain.app/NoiseComplain";
			};
			name = Release;
		};
		CA4B31131C0F17050013E70E /* Debug */ = {
			isa = XCBuildConfiguration;
			buildSettings = {
				INFOPLIST_FILE = NoiseComplainUITests/Info.plist;
				LD_RUNPATH_SEARCH_PATHS = "$(inherited) @executable_path/Frameworks @loader_path/Frameworks";
				PRODUCT_BUNDLE_IDENTIFIER = sysu.NoiseComplainUITests;
				PRODUCT_NAME = "$(TARGET_NAME)";
				TEST_TARGET_NAME = NoiseComplain;
				USES_XCTRUNNER = YES;
			};
			name = Debug;
		};
		CA4B31141C0F17050013E70E /* Release */ = {
			isa = XCBuildConfiguration;
			buildSettings = {
				INFOPLIST_FILE = NoiseComplainUITests/Info.plist;
				LD_RUNPATH_SEARCH_PATHS = "$(inherited) @executable_path/Frameworks @loader_path/Frameworks";
				PRODUCT_BUNDLE_IDENTIFIER = sysu.NoiseComplainUITests;
				PRODUCT_NAME = "$(TARGET_NAME)";
				TEST_TARGET_NAME = NoiseComplain;
				USES_XCTRUNNER = YES;
			};
			name = Release;
		};
/* End XCBuildConfiguration section */

/* Begin XCConfigurationList section */
		CA4B30DA1C0F17050013E70E /* Build configuration list for PBXProject "NoiseComplain" */ = {
			isa = XCConfigurationList;
			buildConfigurations = (
				CA4B310A1C0F17050013E70E /* Debug */,
				CA4B310B1C0F17050013E70E /* Release */,
			);
			defaultConfigurationIsVisible = 0;
			defaultConfigurationName = Release;
		};
		CA4B310C1C0F17050013E70E /* Build configuration list for PBXNativeTarget "NoiseComplain" */ = {
			isa = XCConfigurationList;
			buildConfigurations = (
				CA4B310D1C0F17050013E70E /* Debug */,
				CA4B310E1C0F17050013E70E /* Release */,
			);
			defaultConfigurationIsVisible = 0;
			defaultConfigurationName = Release;
		};
		CA4B310F1C0F17050013E70E /* Build configuration list for PBXNativeTarget "NoiseComplainTests" */ = {
			isa = XCConfigurationList;
			buildConfigurations = (
				CA4B31101C0F17050013E70E /* Debug */,
				CA4B31111C0F17050013E70E /* Release */,
			);
			defaultConfigurationIsVisible = 0;
			defaultConfigurationName = Release;
		};
		CA4B31121C0F17050013E70E /* Build configuration list for PBXNativeTarget "NoiseComplainUITests" */ = {
			isa = XCConfigurationList;
			buildConfigurations = (
				CA4B31131C0F17050013E70E /* Debug */,
				CA4B31141C0F17050013E70E /* Release */,
			);
			defaultConfigurationIsVisible = 0;
			defaultConfigurationName = Release;
		};
/* End XCConfigurationList section */

/* Begin XCVersionGroup section */
		CA540B881C27BE8B00F8E860 /* NoiseComplain.xcdatamodeld */ = {
			isa = XCVersionGroup;
			children = (
				CA540B891C27BE8B00F8E860 /* NoiseComplain.xcdatamodel */,
			);
			currentVersion = CA540B891C27BE8B00F8E860 /* NoiseComplain.xcdatamodel */;
			path = NoiseComplain.xcdatamodeld;
			sourceTree = "<group>";
			versionGroupType = wrapper.xcdatamodel;
		};
/* End XCVersionGroup section */
	};
	rootObject = CA4B30D71C0F17050013E70E /* Project object */;
}
